// !$*UTF8*$!
{
	archiveVersion = 1;
	classes = {
	};
	objectVersion = 77;
	objects = {

/* Begin PBXBuildFile section */
		14014D2C2F126C5A00DCEBC5 /* MarkdownUI in Frameworks */ = {isa = PBXBuildFile; productRef = 14F1A0A12F21000000BEEF02 /* MarkdownUI */; };
		1413DE4E2F2B514C002495EE /* sideBarShared.framework in Frameworks */ = {isa = PBXBuildFile; fileRef = 1413DE462F2B514C002495EE /* sideBarShared.framework */; };
		1413DE4F2F2B514C002495EE /* sideBarShared.framework in Embed Frameworks */ = {isa = PBXBuildFile; fileRef = 1413DE462F2B514C002495EE /* sideBarShared.framework */; settings = {ATTRIBUTES = (CodeSignOnCopy, RemoveHeadersOnCopy, ); }; };
		1413DE702F2B53B3002495EE /* sideBarShared.framework in Frameworks */ = {isa = PBXBuildFile; fileRef = 1413DE462F2B514C002495EE /* sideBarShared.framework */; };
		142516B72F1EB96B0072E4F9 /* ShareExtension.appex in Embed Foundation Extensions */ = {isa = PBXBuildFile; fileRef = 142516AD2F1EB96B0072E4F9 /* ShareExtension.appex */; platformFilter = ios; settings = {ATTRIBUTES = (RemoveHeadersOnCopy, ); }; };
		1448E6CA2F27A6420066EE47 /* WidgetKit.framework in Frameworks */ = {isa = PBXBuildFile; fileRef = 1448E6C92F27A6420066EE47 /* WidgetKit.framework */; };
		1448E6CC2F27A6420066EE47 /* SwiftUI.framework in Frameworks */ = {isa = PBXBuildFile; fileRef = 1448E6CB2F27A6420066EE47 /* SwiftUI.framework */; };
		1448E6DD2F27A6430066EE47 /* sideBarWidgetsExtension.appex in Embed Foundation Extensions */ = {isa = PBXBuildFile; fileRef = 1448E6C72F27A6420066EE47 /* sideBarWidgetsExtension.appex */; platformFilter = ios; settings = {ATTRIBUTES = (RemoveHeadersOnCopy, ); }; };
		146EA0712F2FE83C004AE7D1 /* sideBar Safari Extension.appex in Embed Foundation Extensions */ = {isa = PBXBuildFile; fileRef = 146EA0592F2FE83C004AE7D1 /* sideBar Safari Extension.appex */; platformFilter = ios; settings = {ATTRIBUTES = (RemoveHeadersOnCopy, ); }; };
		146EA0972F2FE878004AE7D1 /* sideBar Safari Extension (macOS) Extension.appex in Embed Foundation Extensions */ = {isa = PBXBuildFile; fileRef = 146EA0962F2FE878004AE7D1 /* sideBar Safari Extension (macOS) Extension.appex */; settings = {ATTRIBUTES = (RemoveHeadersOnCopy, ); }; };
		14DFA3282F10F45E001DAF5B /* SideBarCache.xcdatamodeld in Sources */ = {isa = PBXBuildFile; fileRef = 14DFA3262F10F45E001DAF5B /* SideBarCache.xcdatamodeld */; };
		14DFA32E2F110406001DAF5B /* Auth in Frameworks */ = {isa = PBXBuildFile; productRef = 14DFA32D2F110406001DAF5B /* Auth */; };
		14DFA3302F110406001DAF5B /* Functions in Frameworks */ = {isa = PBXBuildFile; productRef = 14DFA32F2F110406001DAF5B /* Functions */; };
		14DFA3322F110406001DAF5B /* PostgREST in Frameworks */ = {isa = PBXBuildFile; productRef = 14DFA3312F110406001DAF5B /* PostgREST */; };
		14DFA3342F110406001DAF5B /* Realtime in Frameworks */ = {isa = PBXBuildFile; productRef = 14DFA3332F110406001DAF5B /* Realtime */; };
		14DFA3362F110406001DAF5B /* Storage in Frameworks */ = {isa = PBXBuildFile; productRef = 14DFA3352F110406001DAF5B /* Storage */; };
		14DFA3392F116F2C001DAF5B /* Supabase in Frameworks */ = {isa = PBXBuildFile; productRef = 14DFA3382F116F2C001DAF5B /* Supabase */; };
		14F1A0B82F31000000BEEF03 /* Markdown in Frameworks */ = {isa = PBXBuildFile; productRef = 14F1A0B92F31000000BEEF03 /* Markdown */; };
		9A8B7C6D5E4F3A2B1C0D0E04 /* sideBarShared.framework in Frameworks */ = {isa = PBXBuildFile; fileRef = 1413DE462F2B514C002495EE /* sideBarShared.framework */; };
		9A8B7C6D5E4F3A2B1C0D0E05 /* sideBarShared.framework in Frameworks */ = {isa = PBXBuildFile; fileRef = 1413DE462F2B514C002495EE /* sideBarShared.framework */; };
/* End PBXBuildFile section */

/* Begin PBXContainerItemProxy section */
		1413DE4C2F2B514C002495EE /* PBXContainerItemProxy */ = {
			isa = PBXContainerItemProxy;
			containerPortal = 14C84A402F10562300FE0C16 /* Project object */;
			proxyType = 1;
			remoteGlobalIDString = 1413DE452F2B514C002495EE;
			remoteInfo = sideBarShared;
		};
		1413DE722F2B53B3002495EE /* PBXContainerItemProxy */ = {
			isa = PBXContainerItemProxy;
			containerPortal = 14C84A402F10562300FE0C16 /* Project object */;
			proxyType = 1;
			remoteGlobalIDString = 1413DE452F2B514C002495EE;
			remoteInfo = sideBarShared;
		};
		142516B52F1EB96B0072E4F9 /* PBXContainerItemProxy */ = {
			isa = PBXContainerItemProxy;
			containerPortal = 14C84A402F10562300FE0C16 /* Project object */;
			proxyType = 1;
			remoteGlobalIDString = 142516AC2F1EB96B0072E4F9;
			remoteInfo = ShareExtension;
		};
		1448E6DB2F27A6430066EE47 /* PBXContainerItemProxy */ = {
			isa = PBXContainerItemProxy;
			containerPortal = 14C84A402F10562300FE0C16 /* Project object */;
			proxyType = 1;
			remoteGlobalIDString = 1448E6C62F27A6420066EE47;
			remoteInfo = sideBarWidgetsExtension;
		};
		146EA06F2F2FE83C004AE7D1 /* PBXContainerItemProxy */ = {
			isa = PBXContainerItemProxy;
			containerPortal = 14C84A402F10562300FE0C16 /* Project object */;
			proxyType = 1;
			remoteGlobalIDString = 146EA0582F2FE83C004AE7D1;
			remoteInfo = "sideBar Safari Extension";
		};
		146EA0982F2FE878004AE7D1 /* PBXContainerItemProxy */ = {
			isa = PBXContainerItemProxy;
			containerPortal = 14C84A402F10562300FE0C16 /* Project object */;
			proxyType = 1;
			remoteGlobalIDString = 146EA0952F2FE878004AE7D1;
			remoteInfo = "sideBar Safari Extension (macOS) Extension";
		};
		14C84A562F10562500FE0C16 /* PBXContainerItemProxy */ = {
			isa = PBXContainerItemProxy;
			containerPortal = 14C84A402F10562300FE0C16 /* Project object */;
			proxyType = 1;
			remoteGlobalIDString = 14C84A472F10562300FE0C16;
			remoteInfo = sideBar;
		};
		14C84A602F10562500FE0C16 /* PBXContainerItemProxy */ = {
			isa = PBXContainerItemProxy;
			containerPortal = 14C84A402F10562300FE0C16 /* Project object */;
			proxyType = 1;
			remoteGlobalIDString = 14C84A472F10562300FE0C16;
			remoteInfo = sideBar;
		};
/* End PBXContainerItemProxy section */

/* Begin PBXCopyFilesBuildPhase section */
		1413DE532F2B514C002495EE /* Embed Frameworks */ = {
			isa = PBXCopyFilesBuildPhase;
			buildActionMask = 2147483647;
			dstPath = "";
			dstSubfolderSpec = 10;
			files = (
				1413DE4F2F2B514C002495EE /* sideBarShared.framework in Embed Frameworks */,
			);
			name = "Embed Frameworks";
			runOnlyForDeploymentPostprocessing = 0;
		};
		142516BC2F1EB96B0072E4F9 /* Embed Foundation Extensions */ = {
			isa = PBXCopyFilesBuildPhase;
			buildActionMask = 2147483647;
			dstPath = "";
			dstSubfolderSpec = 13;
			files = (
				146EA0712F2FE83C004AE7D1 /* sideBar Safari Extension.appex in Embed Foundation Extensions */,
				142516B72F1EB96B0072E4F9 /* ShareExtension.appex in Embed Foundation Extensions */,
				1448E6DD2F27A6430066EE47 /* sideBarWidgetsExtension.appex in Embed Foundation Extensions */,
			);
			name = "Embed Foundation Extensions";
			runOnlyForDeploymentPostprocessing = 0;
		};
		146EA0B52F2FE878004AE7D1 /* Embed Foundation Extensions */ = {
			isa = PBXCopyFilesBuildPhase;
			buildActionMask = 2147483647;
			dstPath = "";
			dstSubfolderSpec = 13;
			files = (
				146EA0972F2FE878004AE7D1 /* sideBar Safari Extension (macOS) Extension.appex in Embed Foundation Extensions */,
			);
			name = "Embed Foundation Extensions";
			runOnlyForDeploymentPostprocessing = 0;
		};
/* End PBXCopyFilesBuildPhase section */

/* Begin PBXFileReference section */
		1413DE462F2B514C002495EE /* sideBarShared.framework */ = {isa = PBXFileReference; explicitFileType = wrapper.framework; includeInIndex = 0; path = sideBarShared.framework; sourceTree = BUILT_PRODUCTS_DIR; };
		142516AD2F1EB96B0072E4F9 /* ShareExtension.appex */ = {isa = PBXFileReference; explicitFileType = "wrapper.app-extension"; includeInIndex = 0; path = ShareExtension.appex; sourceTree = BUILT_PRODUCTS_DIR; };
		1448E6C72F27A6420066EE47 /* sideBarWidgetsExtension.appex */ = {isa = PBXFileReference; explicitFileType = "wrapper.app-extension"; includeInIndex = 0; path = sideBarWidgetsExtension.appex; sourceTree = BUILT_PRODUCTS_DIR; };
		1448E6C92F27A6420066EE47 /* WidgetKit.framework */ = {isa = PBXFileReference; lastKnownFileType = wrapper.framework; name = WidgetKit.framework; path = System/Library/Frameworks/WidgetKit.framework; sourceTree = SDKROOT; };
		1448E6CB2F27A6420066EE47 /* SwiftUI.framework */ = {isa = PBXFileReference; lastKnownFileType = wrapper.framework; name = SwiftUI.framework; path = System/Library/Frameworks/SwiftUI.framework; sourceTree = SDKROOT; };
		1448E6F62F27A7FA0066EE47 /* sideBarWidgetsExtension.entitlements */ = {isa = PBXFileReference; lastKnownFileType = text.plist.entitlements; path = sideBarWidgetsExtension.entitlements; sourceTree = "<group>"; };
		146EA0592F2FE83C004AE7D1 /* sideBar Safari Extension.appex */ = {isa = PBXFileReference; explicitFileType = "wrapper.app-extension"; includeInIndex = 0; path = "sideBar Safari Extension.appex"; sourceTree = BUILT_PRODUCTS_DIR; };
		146EA07A2F2FE877004AE7D1 /* sideBar Safari Extension (macOS).app */ = {isa = PBXFileReference; explicitFileType = wrapper.application; includeInIndex = 0; path = "sideBar Safari Extension (macOS).app"; sourceTree = BUILT_PRODUCTS_DIR; };
		146EA0962F2FE878004AE7D1 /* sideBar Safari Extension (macOS) Extension.appex */ = {isa = PBXFileReference; explicitFileType = "wrapper.app-extension"; includeInIndex = 0; path = "sideBar Safari Extension (macOS) Extension.appex"; sourceTree = BUILT_PRODUCTS_DIR; };
		1478191A2F15B19C00F36081 /* SideBar.local.xcconfig */ = {isa = PBXFileReference; lastKnownFileType = text.xcconfig; path = SideBar.local.xcconfig; sourceTree = "<group>"; };
		14C84A482F10562300FE0C16 /* sideBar.app */ = {isa = PBXFileReference; explicitFileType = wrapper.application; includeInIndex = 0; path = sideBar.app; sourceTree = BUILT_PRODUCTS_DIR; };
		14C84A552F10562500FE0C16 /* sideBarTests.xctest */ = {isa = PBXFileReference; explicitFileType = wrapper.cfbundle; includeInIndex = 0; path = sideBarTests.xctest; sourceTree = BUILT_PRODUCTS_DIR; };
		14C84A5F2F10562500FE0C16 /* sideBarUITests.xctest */ = {isa = PBXFileReference; explicitFileType = wrapper.cfbundle; includeInIndex = 0; path = sideBarUITests.xctest; sourceTree = BUILT_PRODUCTS_DIR; };
		14DFA3272F10F45E001DAF5B /* SideBarCache.xcdatamodel */ = {isa = PBXFileReference; lastKnownFileType = wrapper.xcdatamodel; path = SideBarCache.xcdatamodel; sourceTree = "<group>"; };
		14DFA3372F115A0A001DAF5B /* Config/SideBar.xcconfig */ = {isa = PBXFileReference; lastKnownFileType = text.xcconfig; path = Config/SideBar.xcconfig; sourceTree = "<group>"; };
		4F1D2A6D2FF2A6A100A0B2C3 /* sideBar/sideBar.entitlements */ = {isa = PBXFileReference; lastKnownFileType = text.plist.entitlements; path = sideBar/sideBar.entitlements; sourceTree = "<group>"; };
		87939F14DC374DD684951468 /* sideBar/Base.lproj/SideBarLaunchScreen.storyboard */ = {isa = PBXFileReference; lastKnownFileType = file.storyboard; path = sideBar/Base.lproj/SideBarLaunchScreen.storyboard; sourceTree = "<group>"; };
/* End PBXFileReference section */

/* Begin PBXFileSystemSynchronizedBuildFileExceptionSet section */
		142516B82F1EB96B0072E4F9 /* Exceptions for "ShareExtension" folder in "ShareExtension" target */ = {
			isa = PBXFileSystemSynchronizedBuildFileExceptionSet;
			membershipExceptions = (
				Info.plist,
			);
			target = 142516AC2F1EB96B0072E4F9 /* ShareExtension */;
		};
		142516C62F1EBECC0072E4F9 /* Exceptions for "sideBar" folder in "ShareExtension" target */ = {
			isa = PBXFileSystemSynchronizedBuildFileExceptionSet;
			membershipExceptions = (
				Assets.xcassets,
				Models/WebsiteModels.swift,
				Services/Network/WebsitesAPI.swift,
			);
			target = 142516AC2F1EB96B0072E4F9 /* ShareExtension */;
		};
		1448E6DE2F27A6430066EE47 /* Exceptions for "sideBarWidgets" folder in "sideBarWidgetsExtension" target */ = {
			isa = PBXFileSystemSynchronizedBuildFileExceptionSet;
			membershipExceptions = (
				Info.plist,
			);
			target = 1448E6C62F27A6420066EE47 /* sideBarWidgetsExtension */;
		};
		9A8B7C6D5E4F3A2B1C0D0E01 /* Exceptions for "sideBar Safari Extension" folder in "sideBar Safari Extension" target */ = {
			isa = PBXFileSystemSynchronizedBuildFileExceptionSet;
			membershipExceptions = (
				Info.plist,
			);
			target = 146EA0582F2FE83C004AE7D1 /* sideBar Safari Extension */;
		};
		9A8B7C6D5E4F3A2B1C0D0E02 /* Exceptions for "sideBar Safari Extension (macOS)" folder in "sideBar Safari Extension (macOS)" target */ = {
			isa = PBXFileSystemSynchronizedBuildFileExceptionSet;
			membershipExceptions = (
				Info.plist,
			);
			target = 146EA0792F2FE877004AE7D1 /* sideBar Safari Extension (macOS) */;
		};
		9A8B7C6D5E4F3A2B1C0D0E03 /* Exceptions for "sideBar Safari Extension (macOS) Extension" folder in "sideBar Safari Extension (macOS) Extension" target */ = {
			isa = PBXFileSystemSynchronizedBuildFileExceptionSet;
			membershipExceptions = (
				Info.plist,
			);
			target = 146EA0952F2FE878004AE7D1 /* sideBar Safari Extension (macOS) Extension */;
		};
/* End PBXFileSystemSynchronizedBuildFileExceptionSet section */

/* Begin PBXFileSystemSynchronizedRootGroup section */
		1413DE472F2B514C002495EE /* sideBarShared */ = {
			isa = PBXFileSystemSynchronizedRootGroup;
			path = sideBarShared;
			sourceTree = "<group>";
		};
		142516AE2F1EB96B0072E4F9 /* ShareExtension */ = {
			isa = PBXFileSystemSynchronizedRootGroup;
			exceptions = (
				142516B82F1EB96B0072E4F9 /* Exceptions for "ShareExtension" folder in "ShareExtension" target */,
			);
			path = ShareExtension;
			sourceTree = "<group>";
		};
		1448E6CD2F27A6420066EE47 /* sideBarWidgets */ = {
			isa = PBXFileSystemSynchronizedRootGroup;
			exceptions = (
				1448E6DE2F27A6430066EE47 /* Exceptions for "sideBarWidgets" folder in "sideBarWidgetsExtension" target */,
			);
			path = sideBarWidgets;
			sourceTree = "<group>";
		};
		146EA05A2F2FE83C004AE7D1 /* sideBar Safari Extension */ = {
			isa = PBXFileSystemSynchronizedRootGroup;
			exceptions = (
				9A8B7C6D5E4F3A2B1C0D0E01 /* Exceptions for "sideBar Safari Extension" folder in "sideBar Safari Extension" target */,
			);
			explicitFolders = (
				Resources/_locales,
				Resources/images,
			);
			path = "sideBar Safari Extension";
			sourceTree = "<group>";
		};
		146EA07B2F2FE877004AE7D1 /* sideBar Safari Extension (macOS) */ = {
			isa = PBXFileSystemSynchronizedRootGroup;
			exceptions = (
				9A8B7C6D5E4F3A2B1C0D0E02 /* Exceptions for "sideBar Safari Extension (macOS)" folder in "sideBar Safari Extension (macOS)" target */,
			);
			path = "sideBar Safari Extension (macOS)";
			sourceTree = "<group>";
		};
		146EA09A2F2FE878004AE7D1 /* sideBar Safari Extension (macOS) Extension */ = {
			isa = PBXFileSystemSynchronizedRootGroup;
			exceptions = (
				9A8B7C6D5E4F3A2B1C0D0E03 /* Exceptions for "sideBar Safari Extension (macOS) Extension" folder in "sideBar Safari Extension (macOS) Extension" target */,
			);
			explicitFolders = (
				Resources/_locales,
				Resources/images,
			);
			path = "sideBar Safari Extension (macOS) Extension";
			sourceTree = "<group>";
		};
		14C84A4A2F10562300FE0C16 /* sideBar */ = {
			isa = PBXFileSystemSynchronizedRootGroup;
			exceptions = (
				142516C62F1EBECC0072E4F9 /* Exceptions for "sideBar" folder in "ShareExtension" target */,
			);
			path = sideBar;
			sourceTree = "<group>";
		};
		14C84A582F10562500FE0C16 /* sideBarTests */ = {
			isa = PBXFileSystemSynchronizedRootGroup;
			path = sideBarTests;
			sourceTree = "<group>";
		};
		14C84A622F10562500FE0C16 /* sideBarUITests */ = {
			isa = PBXFileSystemSynchronizedRootGroup;
			path = sideBarUITests;
			sourceTree = "<group>";
		};
/* End PBXFileSystemSynchronizedRootGroup section */

/* Begin PBXFrameworksBuildPhase section */
		1413DE432F2B514C002495EE /* Frameworks */ = {
			isa = PBXFrameworksBuildPhase;
			buildActionMask = 2147483647;
			files = (
			);
			runOnlyForDeploymentPostprocessing = 0;
		};
		142516AA2F1EB96B0072E4F9 /* Frameworks */ = {
			isa = PBXFrameworksBuildPhase;
			buildActionMask = 2147483647;
			files = (
				1413DE702F2B53B3002495EE /* sideBarShared.framework in Frameworks */,
			);
			runOnlyForDeploymentPostprocessing = 0;
		};
		1448E6C42F27A6420066EE47 /* Frameworks */ = {
			isa = PBXFrameworksBuildPhase;
			buildActionMask = 2147483647;
			files = (
				1448E6CC2F27A6420066EE47 /* SwiftUI.framework in Frameworks */,
				1448E6CA2F27A6420066EE47 /* WidgetKit.framework in Frameworks */,
			);
			runOnlyForDeploymentPostprocessing = 0;
		};
		146EA0562F2FE83C004AE7D1 /* Frameworks */ = {
			isa = PBXFrameworksBuildPhase;
			buildActionMask = 2147483647;
			files = (
				9A8B7C6D5E4F3A2B1C0D0E04 /* sideBarShared.framework in Frameworks */,
			);
			runOnlyForDeploymentPostprocessing = 0;
		};
		146EA0772F2FE877004AE7D1 /* Frameworks */ = {
			isa = PBXFrameworksBuildPhase;
			buildActionMask = 2147483647;
			files = (
			);
			runOnlyForDeploymentPostprocessing = 0;
		};
		146EA0932F2FE878004AE7D1 /* Frameworks */ = {
			isa = PBXFrameworksBuildPhase;
			buildActionMask = 2147483647;
			files = (
				9A8B7C6D5E4F3A2B1C0D0E05 /* sideBarShared.framework in Frameworks */,
			);
			runOnlyForDeploymentPostprocessing = 0;
		};
		14C84A452F10562300FE0C16 /* Frameworks */ = {
			isa = PBXFrameworksBuildPhase;
			buildActionMask = 2147483647;
			files = (
				14014D2C2F126C5A00DCEBC5 /* MarkdownUI in Frameworks */,
				14F1A0B82F31000000BEEF03 /* Markdown in Frameworks */,
				1413DE4E2F2B514C002495EE /* sideBarShared.framework in Frameworks */,
				14DFA3322F110406001DAF5B /* PostgREST in Frameworks */,
				14DFA3302F110406001DAF5B /* Functions in Frameworks */,
				14DFA32E2F110406001DAF5B /* Auth in Frameworks */,
				14DFA3392F116F2C001DAF5B /* Supabase in Frameworks */,
				14DFA3362F110406001DAF5B /* Storage in Frameworks */,
				14DFA3342F110406001DAF5B /* Realtime in Frameworks */,
			);
			runOnlyForDeploymentPostprocessing = 0;
		};
		14C84A522F10562500FE0C16 /* Frameworks */ = {
			isa = PBXFrameworksBuildPhase;
			buildActionMask = 2147483647;
			files = (
			);
			runOnlyForDeploymentPostprocessing = 0;
		};
		14C84A5C2F10562500FE0C16 /* Frameworks */ = {
			isa = PBXFrameworksBuildPhase;
			buildActionMask = 2147483647;
			files = (
			);
			runOnlyForDeploymentPostprocessing = 0;
		};
/* End PBXFrameworksBuildPhase section */

/* Begin PBXGroup section */
		1448E6C82F27A6420066EE47 /* Frameworks */ = {
			isa = PBXGroup;
			children = (
				1448E6C92F27A6420066EE47 /* WidgetKit.framework */,
				1448E6CB2F27A6420066EE47 /* SwiftUI.framework */,
			);
			name = Frameworks;
			sourceTree = "<group>";
		};
		14C84A3F2F10562300FE0C16 = {
			isa = PBXGroup;
			children = (
				1448E6F62F27A7FA0066EE47 /* sideBarWidgetsExtension.entitlements */,
				14DFA3372F115A0A001DAF5B /* Config/SideBar.xcconfig */,
				4F1D2A6D2FF2A6A100A0B2C3 /* sideBar/sideBar.entitlements */,
				14DFA3262F10F45E001DAF5B /* SideBarCache.xcdatamodeld */,
				87939F14DC374DD684951468 /* sideBar/Base.lproj/SideBarLaunchScreen.storyboard */,
				14C84A4A2F10562300FE0C16 /* sideBar */,
				14C84A582F10562500FE0C16 /* sideBarTests */,
				14C84A622F10562500FE0C16 /* sideBarUITests */,
				142516AE2F1EB96B0072E4F9 /* ShareExtension */,
				1448E6CD2F27A6420066EE47 /* sideBarWidgets */,
				1413DE472F2B514C002495EE /* sideBarShared */,
				146EA05A2F2FE83C004AE7D1 /* sideBar Safari Extension */,
				146EA07B2F2FE877004AE7D1 /* sideBar Safari Extension (macOS) */,
				146EA09A2F2FE878004AE7D1 /* sideBar Safari Extension (macOS) Extension */,
				1448E6C82F27A6420066EE47 /* Frameworks */,
				14C84A492F10562300FE0C16 /* Products */,
				1478191A2F15B19C00F36081 /* SideBar.local.xcconfig */,
				14E6F4CB2F179BA4005B8045 /* Recovered References */,
			);
			sourceTree = "<group>";
		};
		14C84A492F10562300FE0C16 /* Products */ = {
			isa = PBXGroup;
			children = (
				14C84A482F10562300FE0C16 /* sideBar.app */,
				14C84A552F10562500FE0C16 /* sideBarTests.xctest */,
				14C84A5F2F10562500FE0C16 /* sideBarUITests.xctest */,
				142516AD2F1EB96B0072E4F9 /* ShareExtension.appex */,
				1448E6C72F27A6420066EE47 /* sideBarWidgetsExtension.appex */,
				1413DE462F2B514C002495EE /* sideBarShared.framework */,
				146EA0592F2FE83C004AE7D1 /* sideBar Safari Extension.appex */,
				146EA07A2F2FE877004AE7D1 /* sideBar Safari Extension (macOS).app */,
				146EA0962F2FE878004AE7D1 /* sideBar Safari Extension (macOS) Extension.appex */,
			);
			name = Products;
			sourceTree = "<group>";
		};
		14E6F4CB2F179BA4005B8045 /* Recovered References */ = {
			isa = PBXGroup;
			children = (
			);
			name = "Recovered References";
			sourceTree = "<group>";
		};
/* End PBXGroup section */

/* Begin PBXHeadersBuildPhase section */
		1413DE412F2B514C002495EE /* Headers */ = {
			isa = PBXHeadersBuildPhase;
			buildActionMask = 2147483647;
			files = (
			);
			runOnlyForDeploymentPostprocessing = 0;
		};
/* End PBXHeadersBuildPhase section */

/* Begin PBXNativeTarget section */
		1413DE452F2B514C002495EE /* sideBarShared */ = {
			isa = PBXNativeTarget;
			buildConfigurationList = 1413DE502F2B514C002495EE /* Build configuration list for PBXNativeTarget "sideBarShared" */;
			buildPhases = (
				1413DE412F2B514C002495EE /* Headers */,
				1413DE422F2B514C002495EE /* Sources */,
				1413DE432F2B514C002495EE /* Frameworks */,
				1413DE442F2B514C002495EE /* Resources */,
			);
			buildRules = (
			);
			dependencies = (
			);
			fileSystemSynchronizedGroups = (
				1413DE472F2B514C002495EE /* sideBarShared */,
			);
			name = sideBarShared;
			packageProductDependencies = (
			);
			productName = sideBarShared;
			productReference = 1413DE462F2B514C002495EE /* sideBarShared.framework */;
			productType = "com.apple.product-type.framework";
		};
		142516AC2F1EB96B0072E4F9 /* ShareExtension */ = {
			isa = PBXNativeTarget;
			buildConfigurationList = 142516B92F1EB96B0072E4F9 /* Build configuration list for PBXNativeTarget "ShareExtension" */;
			buildPhases = (
				142516A92F1EB96B0072E4F9 /* Sources */,
				142516AA2F1EB96B0072E4F9 /* Frameworks */,
				142516AB2F1EB96B0072E4F9 /* Resources */,
			);
			buildRules = (
			);
			dependencies = (
				1413DE732F2B53B3002495EE /* PBXTargetDependency */,
			);
			fileSystemSynchronizedGroups = (
				142516AE2F1EB96B0072E4F9 /* ShareExtension */,
			);
			name = ShareExtension;
			packageProductDependencies = (
			);
			productName = ShareExtension;
			productReference = 142516AD2F1EB96B0072E4F9 /* ShareExtension.appex */;
			productType = "com.apple.product-type.app-extension";
		};
		1448E6C62F27A6420066EE47 /* sideBarWidgetsExtension */ = {
			isa = PBXNativeTarget;
			buildConfigurationList = 1448E6DF2F27A6430066EE47 /* Build configuration list for PBXNativeTarget "sideBarWidgetsExtension" */;
			buildPhases = (
				1448E6C32F27A6420066EE47 /* Sources */,
				1448E6C42F27A6420066EE47 /* Frameworks */,
				1448E6C52F27A6420066EE47 /* Resources */,
			);
			buildRules = (
			);
			dependencies = (
			);
			fileSystemSynchronizedGroups = (
				1448E6CD2F27A6420066EE47 /* sideBarWidgets */,
			);
			name = sideBarWidgetsExtension;
			packageProductDependencies = (
			);
			productName = sideBarWidgetsExtension;
			productReference = 1448E6C72F27A6420066EE47 /* sideBarWidgetsExtension.appex */;
			productType = "com.apple.product-type.app-extension";
		};
		146EA0582F2FE83C004AE7D1 /* sideBar Safari Extension */ = {
			isa = PBXNativeTarget;
			buildConfigurationList = 146EA0732F2FE83C004AE7D1 /* Build configuration list for PBXNativeTarget "sideBar Safari Extension" */;
			buildPhases = (
				146EA0552F2FE83C004AE7D1 /* Sources */,
				146EA0562F2FE83C004AE7D1 /* Frameworks */,
				146EA0572F2FE83C004AE7D1 /* Resources */,
			);
			buildRules = (
			);
			dependencies = (
			);
			fileSystemSynchronizedGroups = (
				146EA05A2F2FE83C004AE7D1 /* sideBar Safari Extension */,
			);
			name = "sideBar Safari Extension";
			packageProductDependencies = (
			);
			productName = "sideBar Safari Extension";
			productReference = 146EA0592F2FE83C004AE7D1 /* sideBar Safari Extension.appex */;
			productType = "com.apple.product-type.app-extension";
		};
		146EA0792F2FE877004AE7D1 /* sideBar Safari Extension (macOS) */ = {
			isa = PBXNativeTarget;
			buildConfigurationList = 146EA0B62F2FE878004AE7D1 /* Build configuration list for PBXNativeTarget "sideBar Safari Extension (macOS)" */;
			buildPhases = (
				146EA0762F2FE877004AE7D1 /* Sources */,
				146EA0772F2FE877004AE7D1 /* Frameworks */,
				146EA0782F2FE877004AE7D1 /* Resources */,
				146EA0B52F2FE878004AE7D1 /* Embed Foundation Extensions */,
			);
			buildRules = (
			);
			dependencies = (
				146EA0992F2FE878004AE7D1 /* PBXTargetDependency */,
			);
			fileSystemSynchronizedGroups = (
				146EA07B2F2FE877004AE7D1 /* sideBar Safari Extension (macOS) */,
			);
			name = "sideBar Safari Extension (macOS)";
			packageProductDependencies = (
			);
			productName = "sideBar Safari Extension (macOS)";
			productReference = 146EA07A2F2FE877004AE7D1 /* sideBar Safari Extension (macOS).app */;
			productType = "com.apple.product-type.application";
		};
		146EA0952F2FE878004AE7D1 /* sideBar Safari Extension (macOS) Extension */ = {
			isa = PBXNativeTarget;
			buildConfigurationList = 146EA0B12F2FE878004AE7D1 /* Build configuration list for PBXNativeTarget "sideBar Safari Extension (macOS) Extension" */;
			buildPhases = (
				146EA0922F2FE878004AE7D1 /* Sources */,
				146EA0932F2FE878004AE7D1 /* Frameworks */,
				146EA0942F2FE878004AE7D1 /* Resources */,
			);
			buildRules = (
			);
			dependencies = (
			);
			fileSystemSynchronizedGroups = (
				146EA09A2F2FE878004AE7D1 /* sideBar Safari Extension (macOS) Extension */,
			);
			name = "sideBar Safari Extension (macOS) Extension";
			packageProductDependencies = (
			);
			productName = "sideBar Safari Extension (macOS) Extension";
			productReference = 146EA0962F2FE878004AE7D1 /* sideBar Safari Extension (macOS) Extension.appex */;
			productType = "com.apple.product-type.app-extension";
		};
		14C84A472F10562300FE0C16 /* sideBar */ = {
			isa = PBXNativeTarget;
			buildConfigurationList = 14C84A692F10562500FE0C16 /* Build configuration list for PBXNativeTarget "sideBar" */;
			buildPhases = (
				14C84A442F10562300FE0C16 /* Sources */,
				14E0AB1A2F20000000BEEF01 /* Generate SideBarConfig.plist */,
				14E0AB1B2F30000000BEEF07 /* SwiftLint */,
				14C84A452F10562300FE0C16 /* Frameworks */,
				14C84A462F10562300FE0C16 /* Resources */,
				142516BC2F1EB96B0072E4F9 /* Embed Foundation Extensions */,
				1413DE532F2B514C002495EE /* Embed Frameworks */,
			);
			buildRules = (
			);
			dependencies = (
				142516B62F1EB96B0072E4F9 /* PBXTargetDependency */,
				1448E6DC2F27A6430066EE47 /* PBXTargetDependency */,
				1413DE4D2F2B514C002495EE /* PBXTargetDependency */,
				146EA0702F2FE83C004AE7D1 /* PBXTargetDependency */,
			);
			fileSystemSynchronizedGroups = (
				14C84A4A2F10562300FE0C16 /* sideBar */,
			);
			name = sideBar;
			packageProductDependencies = (
				14DFA32D2F110406001DAF5B /* Auth */,
				14DFA32F2F110406001DAF5B /* Functions */,
				14DFA3312F110406001DAF5B /* PostgREST */,
				14DFA3332F110406001DAF5B /* Realtime */,
				14DFA3352F110406001DAF5B /* Storage */,
				14DFA3382F116F2C001DAF5B /* Supabase */,
				14F1A0A12F21000000BEEF02 /* MarkdownUI */,
				14F1A0B92F31000000BEEF03 /* Markdown */,
			);
			productName = sideBar;
			productReference = 14C84A482F10562300FE0C16 /* sideBar.app */;
			productType = "com.apple.product-type.application";
		};
		14C84A542F10562500FE0C16 /* sideBarTests */ = {
			isa = PBXNativeTarget;
			buildConfigurationList = 14C84A6C2F10562500FE0C16 /* Build configuration list for PBXNativeTarget "sideBarTests" */;
			buildPhases = (
				14C84A512F10562500FE0C16 /* Sources */,
				14C84A522F10562500FE0C16 /* Frameworks */,
				14C84A532F10562500FE0C16 /* Resources */,
			);
			buildRules = (
			);
			dependencies = (
				14C84A572F10562500FE0C16 /* PBXTargetDependency */,
			);
			fileSystemSynchronizedGroups = (
				14C84A582F10562500FE0C16 /* sideBarTests */,
			);
			name = sideBarTests;
			packageProductDependencies = (
			);
			productName = sideBarTests;
			productReference = 14C84A552F10562500FE0C16 /* sideBarTests.xctest */;
			productType = "com.apple.product-type.bundle.unit-test";
		};
		14C84A5E2F10562500FE0C16 /* sideBarUITests */ = {
			isa = PBXNativeTarget;
			buildConfigurationList = 14C84A6F2F10562500FE0C16 /* Build configuration list for PBXNativeTarget "sideBarUITests" */;
			buildPhases = (
				14C84A5B2F10562500FE0C16 /* Sources */,
				14C84A5C2F10562500FE0C16 /* Frameworks */,
				14C84A5D2F10562500FE0C16 /* Resources */,
			);
			buildRules = (
			);
			dependencies = (
				14C84A612F10562500FE0C16 /* PBXTargetDependency */,
			);
			fileSystemSynchronizedGroups = (
				14C84A622F10562500FE0C16 /* sideBarUITests */,
			);
			name = sideBarUITests;
			packageProductDependencies = (
			);
			productName = sideBarUITests;
			productReference = 14C84A5F2F10562500FE0C16 /* sideBarUITests.xctest */;
			productType = "com.apple.product-type.bundle.ui-testing";
		};
/* End PBXNativeTarget section */

/* Begin PBXProject section */
		14C84A402F10562300FE0C16 /* Project object */ = {
			isa = PBXProject;
			attributes = {
				BuildIndependentTargetsInParallel = 1;
				LastSwiftUpdateCheck = 2620;
				LastUpgradeCheck = 2620;
				TargetAttributes = {
					1413DE452F2B514C002495EE = {
						CreatedOnToolsVersion = 26.2;
					};
					142516AC2F1EB96B0072E4F9 = {
						CreatedOnToolsVersion = 26.2;
					};
					1448E6C62F27A6420066EE47 = {
						CreatedOnToolsVersion = 26.2;
					};
					146EA0582F2FE83C004AE7D1 = {
						CreatedOnToolsVersion = 26.2;
					};
					146EA0792F2FE877004AE7D1 = {
						CreatedOnToolsVersion = 26.2;
					};
					146EA0952F2FE878004AE7D1 = {
						CreatedOnToolsVersion = 26.2;
					};
					14C84A472F10562300FE0C16 = {
						CreatedOnToolsVersion = 26.2;
						SystemCapabilities = {
							com.apple.Push = {
								enabled = 1;
							};
						};
					};
					14C84A542F10562500FE0C16 = {
						CreatedOnToolsVersion = 26.2;
						TestTargetID = 14C84A472F10562300FE0C16;
					};
					14C84A5E2F10562500FE0C16 = {
						CreatedOnToolsVersion = 26.2;
						TestTargetID = 14C84A472F10562300FE0C16;
					};
				};
			};
			buildConfigurationList = 14C84A432F10562300FE0C16 /* Build configuration list for PBXProject "sideBar" */;
			developmentRegion = en;
			hasScannedForEncodings = 0;
			knownRegions = (
				en,
				Base,
			);
			mainGroup = 14C84A3F2F10562300FE0C16;
			minimizedProjectReferenceProxies = 1;
			packageReferences = (
				14DFA32C2F110406001DAF5B /* XCRemoteSwiftPackageReference "supabase-swift" */,
				14F1A0BA2F31000000BEEF03 /* XCRemoteSwiftPackageReference "swift-markdown" */,
				14F1A0A02F21000000BEEF02 /* XCRemoteSwiftPackageReference "MarkdownUI" */,
			);
			preferredProjectObjectVersion = 77;
			productRefGroup = 14C84A492F10562300FE0C16 /* Products */;
			projectDirPath = "";
			projectRoot = "";
			targets = (
				14C84A472F10562300FE0C16 /* sideBar */,
				14C84A542F10562500FE0C16 /* sideBarTests */,
				14C84A5E2F10562500FE0C16 /* sideBarUITests */,
				142516AC2F1EB96B0072E4F9 /* ShareExtension */,
				1448E6C62F27A6420066EE47 /* sideBarWidgetsExtension */,
				1413DE452F2B514C002495EE /* sideBarShared */,
				146EA0582F2FE83C004AE7D1 /* sideBar Safari Extension */,
				146EA0792F2FE877004AE7D1 /* sideBar Safari Extension (macOS) */,
				146EA0952F2FE878004AE7D1 /* sideBar Safari Extension (macOS) Extension */,
			);
		};
/* End PBXProject section */

/* Begin PBXResourcesBuildPhase section */
		1413DE442F2B514C002495EE /* Resources */ = {
			isa = PBXResourcesBuildPhase;
			buildActionMask = 2147483647;
			files = (
			);
			runOnlyForDeploymentPostprocessing = 0;
		};
		142516AB2F1EB96B0072E4F9 /* Resources */ = {
			isa = PBXResourcesBuildPhase;
			buildActionMask = 2147483647;
			files = (
			);
			runOnlyForDeploymentPostprocessing = 0;
		};
		1448E6C52F27A6420066EE47 /* Resources */ = {
			isa = PBXResourcesBuildPhase;
			buildActionMask = 2147483647;
			files = (
			);
			runOnlyForDeploymentPostprocessing = 0;
		};
		146EA0572F2FE83C004AE7D1 /* Resources */ = {
			isa = PBXResourcesBuildPhase;
			buildActionMask = 2147483647;
			files = (
			);
			runOnlyForDeploymentPostprocessing = 0;
		};
		146EA0782F2FE877004AE7D1 /* Resources */ = {
			isa = PBXResourcesBuildPhase;
			buildActionMask = 2147483647;
			files = (
			);
			runOnlyForDeploymentPostprocessing = 0;
		};
		146EA0942F2FE878004AE7D1 /* Resources */ = {
			isa = PBXResourcesBuildPhase;
			buildActionMask = 2147483647;
			files = (
			);
			runOnlyForDeploymentPostprocessing = 0;
		};
		14C84A462F10562300FE0C16 /* Resources */ = {
			isa = PBXResourcesBuildPhase;
			buildActionMask = 2147483647;
			files = (
			);
			runOnlyForDeploymentPostprocessing = 0;
		};
		14C84A532F10562500FE0C16 /* Resources */ = {
			isa = PBXResourcesBuildPhase;
			buildActionMask = 2147483647;
			files = (
			);
			runOnlyForDeploymentPostprocessing = 0;
		};
		14C84A5D2F10562500FE0C16 /* Resources */ = {
			isa = PBXResourcesBuildPhase;
			buildActionMask = 2147483647;
			files = (
			);
			runOnlyForDeploymentPostprocessing = 0;
		};
/* End PBXResourcesBuildPhase section */

/* Begin PBXShellScriptBuildPhase section */
		14E0AB1A2F20000000BEEF01 /* Generate SideBarConfig.plist */ = {
			isa = PBXShellScriptBuildPhase;
			buildActionMask = 2147483647;
			files = (
			);
			inputPaths = (
				"$(SRCROOT)/Config/SideBar.xcconfig",
				"$(SRCROOT)/Config/SideBar.local.xcconfig",
			);
			name = "Generate SideBarConfig.plist";
			outputPaths = (
				"$(TARGET_BUILD_DIR)/$(UNLOCALIZED_RESOURCES_FOLDER_PATH)/SideBarConfig.plist",
			);
			runOnlyForDeploymentPostprocessing = 0;
			shellPath = /bin/sh;
			shellScript = "set -e\nCONFIG_PLIST=\"$TARGET_BUILD_DIR/$UNLOCALIZED_RESOURCES_FOLDER_PATH/SideBarConfig.plist\"\nexport CONFIG_PLIST\n/usr/bin/python3 - <<'PY'\nimport os\nimport pathlib\nimport plistlib\nfrom typing import Dict\n\n\ndef parse_xcconfig(path: str) -> Dict[str, str]:\n    if not path or not os.path.exists(path):\n        return {}\n    values: Dict[str, str] = {}\n    with open(path, \"r\", encoding=\"utf-8\") as handle:\n        for line in handle:\n            stripped = line.strip()\n            if not stripped or stripped.startswith(\"//\"):\n                continue\n            if stripped.startswith(\"#include\"):\n                continue\n            if \"=\" not in stripped:\n                continue\n            key, value = stripped.split(\"=\", 1)\n            key = key.strip()\n            value = value.strip().strip('\"')\n            values[key] = value\n    return values\n\n\ndef normalize(value: str) -> str:\n    return value.replace(\"\\\\/\", \"/\").strip()\n\n\nbase_path = os.environ.get(\"SCRIPT_INPUT_FILE_0\", \"\")\nlocal_path = os.environ.get(\"SCRIPT_INPUT_FILE_1\", \"\")\nbase_config = parse_xcconfig(base_path)\nlocal_config = parse_xcconfig(local_path)\nmerged_config = {**base_config, **local_config}\n\n\ndef read_value(key: str) -> str:\n    env_value = os.environ.get(key, \"\")\n    if env_value.strip():\n        return normalize(env_value)\n    config_value = merged_config.get(key, \"\")\n    return normalize(config_value)\n\n\npayload = {\n    \"API_BASE_URL\": read_value(\"API_BASE_URL\"),\n    \"SUPABASE_URL\": read_value(\"SUPABASE_URL\"),\n    \"SUPABASE_ANON_KEY\": read_value(\"SUPABASE_ANON_KEY\"),\n    \"R2_ENDPOINT\": read_value(\"R2_ENDPOINT\"),\n    \"R2_FAVICON_BUCKET\": read_value(\"R2_FAVICON_BUCKET\"),\n    \"R2_FAVICON_PUBLIC_BASE_URL\": read_value(\"R2_FAVICON_PUBLIC_BASE_URL\"),\n}\n\npath = pathlib.Path(os.environ[\"CONFIG_PLIST\"])\npath.parent.mkdir(parents=True, exist_ok=True)\nwith path.open(\"wb\") as handle:\n    plistlib.dump(payload, handle)\nPY\n";
		};
		14E0AB1B2F30000000BEEF07 /* SwiftLint */ = {
			isa = PBXShellScriptBuildPhase;
			buildActionMask = 2147483647;
			files = (
			);
			inputPaths = (
				"$(SRCROOT)/.swiftlint.yml",
				"$(SRCROOT)/sideBar",
				"$(SRCROOT)/sideBarTests",
			);
			name = SwiftLint;
			outputPaths = (
				"$(DERIVED_FILE_DIR)/swiftlint.output",
			);
			runOnlyForDeploymentPostprocessing = 0;
			shellPath = /bin/sh;
			shellScript = "OUTPUT=\"${DERIVED_FILE_DIR}/swiftlint.output\"\nSWIFTLINT=\"\"\nif command -v swiftlint > /dev/null; then\n  SWIFTLINT=\"swiftlint\"\nelif [ -x \"/opt/homebrew/bin/swiftlint\" ]; then\n  SWIFTLINT=\"/opt/homebrew/bin/swiftlint\"\nelif [ -x \"/usr/local/bin/swiftlint\" ]; then\n  SWIFTLINT=\"/usr/local/bin/swiftlint\"\nfi\nif [ -n \"${SWIFTLINT}\" ]; then\n  \"${SWIFTLINT}\" lint --config \"${SRCROOT}/.swiftlint.yml\" \"${SRCROOT}/sideBar\" \"${SRCROOT}/sideBarTests\"\nelse\n  echo \"warning: SwiftLint not installed, download from https://github.com/realm/SwiftLint\"\nfi\ntouch \"${OUTPUT}\"\n";
		};
/* End PBXShellScriptBuildPhase section */

/* Begin PBXSourcesBuildPhase section */
		1413DE422F2B514C002495EE /* Sources */ = {
			isa = PBXSourcesBuildPhase;
			buildActionMask = 2147483647;
			files = (
			);
			runOnlyForDeploymentPostprocessing = 0;
		};
		142516A92F1EB96B0072E4F9 /* Sources */ = {
			isa = PBXSourcesBuildPhase;
			buildActionMask = 2147483647;
			files = (
			);
			runOnlyForDeploymentPostprocessing = 0;
		};
		1448E6C32F27A6420066EE47 /* Sources */ = {
			isa = PBXSourcesBuildPhase;
			buildActionMask = 2147483647;
			files = (
			);
			runOnlyForDeploymentPostprocessing = 0;
		};
		146EA0552F2FE83C004AE7D1 /* Sources */ = {
			isa = PBXSourcesBuildPhase;
			buildActionMask = 2147483647;
			files = (
			);
			runOnlyForDeploymentPostprocessing = 0;
		};
		146EA0762F2FE877004AE7D1 /* Sources */ = {
			isa = PBXSourcesBuildPhase;
			buildActionMask = 2147483647;
			files = (
			);
			runOnlyForDeploymentPostprocessing = 0;
		};
		146EA0922F2FE878004AE7D1 /* Sources */ = {
			isa = PBXSourcesBuildPhase;
			buildActionMask = 2147483647;
			files = (
			);
			runOnlyForDeploymentPostprocessing = 0;
		};
		14C84A442F10562300FE0C16 /* Sources */ = {
			isa = PBXSourcesBuildPhase;
			buildActionMask = 2147483647;
			files = (
				14DFA3282F10F45E001DAF5B /* SideBarCache.xcdatamodeld in Sources */,
			);
			runOnlyForDeploymentPostprocessing = 0;
		};
		14C84A512F10562500FE0C16 /* Sources */ = {
			isa = PBXSourcesBuildPhase;
			buildActionMask = 2147483647;
			files = (
			);
			runOnlyForDeploymentPostprocessing = 0;
		};
		14C84A5B2F10562500FE0C16 /* Sources */ = {
			isa = PBXSourcesBuildPhase;
			buildActionMask = 2147483647;
			files = (
			);
			runOnlyForDeploymentPostprocessing = 0;
		};
/* End PBXSourcesBuildPhase section */

/* Begin PBXTargetDependency section */
		1413DE4D2F2B514C002495EE /* PBXTargetDependency */ = {
			isa = PBXTargetDependency;
			target = 1413DE452F2B514C002495EE /* sideBarShared */;
			targetProxy = 1413DE4C2F2B514C002495EE /* PBXContainerItemProxy */;
		};
		1413DE732F2B53B3002495EE /* PBXTargetDependency */ = {
			isa = PBXTargetDependency;
			target = 1413DE452F2B514C002495EE /* sideBarShared */;
			targetProxy = 1413DE722F2B53B3002495EE /* PBXContainerItemProxy */;
		};
		142516B62F1EB96B0072E4F9 /* PBXTargetDependency */ = {
			isa = PBXTargetDependency;
			target = 142516AC2F1EB96B0072E4F9 /* ShareExtension */;
			targetProxy = 142516B52F1EB96B0072E4F9 /* PBXContainerItemProxy */;
		};
		1448E6DC2F27A6430066EE47 /* PBXTargetDependency */ = {
			isa = PBXTargetDependency;
			target = 1448E6C62F27A6420066EE47 /* sideBarWidgetsExtension */;
			targetProxy = 1448E6DB2F27A6430066EE47 /* PBXContainerItemProxy */;
		};
		146EA0702F2FE83C004AE7D1 /* PBXTargetDependency */ = {
			isa = PBXTargetDependency;
			target = 146EA0582F2FE83C004AE7D1 /* sideBar Safari Extension */;
			targetProxy = 146EA06F2F2FE83C004AE7D1 /* PBXContainerItemProxy */;
		};
		146EA0992F2FE878004AE7D1 /* PBXTargetDependency */ = {
			isa = PBXTargetDependency;
			target = 146EA0952F2FE878004AE7D1 /* sideBar Safari Extension (macOS) Extension */;
			targetProxy = 146EA0982F2FE878004AE7D1 /* PBXContainerItemProxy */;
		};
		14C84A572F10562500FE0C16 /* PBXTargetDependency */ = {
			isa = PBXTargetDependency;
			target = 14C84A472F10562300FE0C16 /* sideBar */;
			targetProxy = 14C84A562F10562500FE0C16 /* PBXContainerItemProxy */;
		};
		14C84A612F10562500FE0C16 /* PBXTargetDependency */ = {
			isa = PBXTargetDependency;
			target = 14C84A472F10562300FE0C16 /* sideBar */;
			targetProxy = 14C84A602F10562500FE0C16 /* PBXContainerItemProxy */;
		};
/* End PBXTargetDependency section */

/* Begin XCBuildConfiguration section */
		1413DE512F2B514C002495EE /* Debug */ = {
			isa = XCBuildConfiguration;
			buildSettings = {
				BUILD_LIBRARY_FOR_DISTRIBUTION = YES;
				CODE_SIGN_IDENTITY = "";
				CODE_SIGN_STYLE = Automatic;
				CURRENT_PROJECT_VERSION = 1;
				DEVELOPMENT_TEAM = A7FXNR4C35;
				DYLIB_COMPATIBILITY_VERSION = 1;
				DYLIB_CURRENT_VERSION = 1;
				DYLIB_INSTALL_NAME_BASE = "@rpath";
				ENABLE_MODULE_VERIFIER = YES;
				GENERATE_INFOPLIST_FILE = YES;
				INFOPLIST_KEY_NSHumanReadableCopyright = "";
				INSTALL_PATH = "$(LOCAL_LIBRARY_DIR)/Frameworks";
				IPHONEOS_DEPLOYMENT_TARGET = 26.0;
				LD_RUNPATH_SEARCH_PATHS = (
					"$(inherited)",
					"@executable_path/Frameworks",
					"@loader_path/Frameworks",
				);
				MACOSX_DEPLOYMENT_TARGET = 26.0;
				MARKETING_VERSION = 0.1;
				MODULE_VERIFIER_SUPPORTED_LANGUAGES = "objective-c objective-c++";
				MODULE_VERIFIER_SUPPORTED_LANGUAGE_STANDARDS = "gnu17 gnu++20";
				PRODUCT_BUNDLE_IDENTIFIER = seanbetts.sideBarShared;
				PRODUCT_NAME = "$(TARGET_NAME:c99extidentifier)";
				SDKROOT = auto;
				SKIP_INSTALL = YES;
				STRING_CATALOG_GENERATE_SYMBOLS = YES;
				SUPPORTED_PLATFORMS = "iphoneos iphonesimulator macosx";
				SWIFT_APPROACHABLE_CONCURRENCY = YES;
				SWIFT_EMIT_LOC_STRINGS = YES;
				SWIFT_INSTALL_MODULE = YES;
				SWIFT_INSTALL_OBJC_HEADER = NO;
				SWIFT_UPCOMING_FEATURE_MEMBER_IMPORT_VISIBILITY = YES;
				SWIFT_VERSION = 5.0;
				TARGETED_DEVICE_FAMILY = "1,2";
				VERSIONING_SYSTEM = "apple-generic";
				VERSION_INFO_PREFIX = "";
			};
			name = Debug;
		};
		1413DE522F2B514C002495EE /* Release */ = {
			isa = XCBuildConfiguration;
			buildSettings = {
				BUILD_LIBRARY_FOR_DISTRIBUTION = YES;
				CODE_SIGN_IDENTITY = "";
				CODE_SIGN_STYLE = Automatic;
				CURRENT_PROJECT_VERSION = 1;
				DEVELOPMENT_TEAM = A7FXNR4C35;
				DYLIB_COMPATIBILITY_VERSION = 1;
				DYLIB_CURRENT_VERSION = 1;
				DYLIB_INSTALL_NAME_BASE = "@rpath";
				ENABLE_MODULE_VERIFIER = YES;
				GENERATE_INFOPLIST_FILE = YES;
				INFOPLIST_KEY_NSHumanReadableCopyright = "";
				INSTALL_PATH = "$(LOCAL_LIBRARY_DIR)/Frameworks";
				IPHONEOS_DEPLOYMENT_TARGET = 26.0;
				LD_RUNPATH_SEARCH_PATHS = (
					"$(inherited)",
					"@executable_path/Frameworks",
					"@loader_path/Frameworks",
				);
				MACOSX_DEPLOYMENT_TARGET = 26.0;
				MARKETING_VERSION = 0.1;
				MODULE_VERIFIER_SUPPORTED_LANGUAGES = "objective-c objective-c++";
				MODULE_VERIFIER_SUPPORTED_LANGUAGE_STANDARDS = "gnu17 gnu++20";
				PRODUCT_BUNDLE_IDENTIFIER = seanbetts.sideBarShared;
				PRODUCT_NAME = "$(TARGET_NAME:c99extidentifier)";
				SDKROOT = auto;
				SKIP_INSTALL = YES;
				STRING_CATALOG_GENERATE_SYMBOLS = YES;
				SUPPORTED_PLATFORMS = "iphoneos iphonesimulator macosx";
				SWIFT_APPROACHABLE_CONCURRENCY = YES;
				SWIFT_EMIT_LOC_STRINGS = YES;
				SWIFT_INSTALL_MODULE = YES;
				SWIFT_INSTALL_OBJC_HEADER = NO;
				SWIFT_UPCOMING_FEATURE_MEMBER_IMPORT_VISIBILITY = YES;
				SWIFT_VERSION = 5.0;
				TARGETED_DEVICE_FAMILY = "1,2";
				VALIDATE_PRODUCT = YES;
				VERSIONING_SYSTEM = "apple-generic";
				VERSION_INFO_PREFIX = "";
			};
			name = Release;
		};
		142516BA2F1EB96B0072E4F9 /* Debug */ = {
			isa = XCBuildConfiguration;
			buildSettings = {
				"APP_GROUP_ID[arch=*]" = group.ai.sidebar.sidebar;
				CODE_SIGN_ENTITLEMENTS = ShareExtension/ShareExtension.entitlements;
				CODE_SIGN_STYLE = Automatic;
				CURRENT_PROJECT_VERSION = 1;
				GENERATE_INFOPLIST_FILE = YES;
				INFOPLIST_FILE = ShareExtension/Info.plist;
				"INFOPLIST_KEY_API_BASE_URL[arch=*]" = "$(API_BASE_URL)";
				INFOPLIST_KEY_CFBundleDisplayName = sideBar;
				INFOPLIST_KEY_NSHumanReadableCopyright = "";
				IPHONEOS_DEPLOYMENT_TARGET = 26.0;
				"KEYCHAIN_ACCESS_GROUP[arch=*]" = "$(AppIdentifierPrefix)ai.sidebar.sidebar";
				"KEYCHAIN_SERVICE[arch=*]" = ai.sidebar.sidebar;
				LD_RUNPATH_SEARCH_PATHS = (
					"$(inherited)",
					"@executable_path/Frameworks",
					"@executable_path/../../Frameworks",
				);
				MARKETING_VERSION = 0.1;
				PRODUCT_BUNDLE_IDENTIFIER = ai.sidebar.sidebar.ShareExtension;
				PRODUCT_NAME = "$(TARGET_NAME)";
				SDKROOT = iphoneos;
				SKIP_INSTALL = YES;
				STRING_CATALOG_GENERATE_SYMBOLS = YES;
				SWIFT_APPROACHABLE_CONCURRENCY = YES;
				SWIFT_EMIT_LOC_STRINGS = YES;
				SWIFT_UPCOMING_FEATURE_MEMBER_IMPORT_VISIBILITY = YES;
				SWIFT_VERSION = 5.0;
				TARGETED_DEVICE_FAMILY = "1,2";
			};
			name = Debug;
		};
		142516BB2F1EB96B0072E4F9 /* Release */ = {
			isa = XCBuildConfiguration;
			buildSettings = {
				"APP_GROUP_ID[arch=*]" = group.ai.sidebar.sidebar;
				CODE_SIGN_ENTITLEMENTS = ShareExtension/ShareExtension.entitlements;
				CODE_SIGN_STYLE = Automatic;
				CURRENT_PROJECT_VERSION = 1;
				GENERATE_INFOPLIST_FILE = YES;
				INFOPLIST_FILE = ShareExtension/Info.plist;
				"INFOPLIST_KEY_API_BASE_URL[arch=*]" = "$(API_BASE_URL)";
				INFOPLIST_KEY_CFBundleDisplayName = sideBar;
				INFOPLIST_KEY_NSHumanReadableCopyright = "";
				IPHONEOS_DEPLOYMENT_TARGET = 26.0;
				"KEYCHAIN_ACCESS_GROUP[arch=*]" = "$(AppIdentifierPrefix)ai.sidebar.sidebar";
				"KEYCHAIN_SERVICE[arch=*]" = ai.sidebar.sidebar;
				LD_RUNPATH_SEARCH_PATHS = (
					"$(inherited)",
					"@executable_path/Frameworks",
					"@executable_path/../../Frameworks",
				);
				MARKETING_VERSION = 0.1;
				PRODUCT_BUNDLE_IDENTIFIER = ai.sidebar.sidebar.ShareExtension;
				PRODUCT_NAME = "$(TARGET_NAME)";
				SDKROOT = iphoneos;
				SKIP_INSTALL = YES;
				STRING_CATALOG_GENERATE_SYMBOLS = YES;
				SWIFT_APPROACHABLE_CONCURRENCY = YES;
				SWIFT_EMIT_LOC_STRINGS = YES;
				SWIFT_UPCOMING_FEATURE_MEMBER_IMPORT_VISIBILITY = YES;
				SWIFT_VERSION = 5.0;
				TARGETED_DEVICE_FAMILY = "1,2";
				VALIDATE_PRODUCT = YES;
			};
			name = Release;
		};
		1448E6E02F27A6430066EE47 /* Debug */ = {
			isa = XCBuildConfiguration;
			buildSettings = {
				APP_GROUP_ID = group.ai.sidebar.sidebar;
				ASSETCATALOG_COMPILER_GLOBAL_ACCENT_COLOR_NAME = AccentColor;
				ASSETCATALOG_COMPILER_WIDGET_BACKGROUND_COLOR_NAME = WidgetBackground;
				CODE_SIGN_ENTITLEMENTS = sideBarWidgetsExtension.entitlements;
				CODE_SIGN_STYLE = Automatic;
				CURRENT_PROJECT_VERSION = 1;
				GENERATE_INFOPLIST_FILE = YES;
				INFOPLIST_FILE = sideBarWidgets/Info.plist;
				INFOPLIST_KEY_CFBundleDisplayName = sideBarWidgets;
				INFOPLIST_KEY_NSHumanReadableCopyright = "";
				IPHONEOS_DEPLOYMENT_TARGET = 26.0;
				KEYCHAIN_ACCESS_GROUP = "$(AppIdentifierPrefix)ai.sidebar.sidebar";
				KEYCHAIN_SERVICE = ai.sidebar.sidebar;
				LD_RUNPATH_SEARCH_PATHS = (
					"$(inherited)",
					"@executable_path/Frameworks",
					"@executable_path/../../Frameworks",
				);
				MARKETING_VERSION = 0.1;
				PRODUCT_BUNDLE_IDENTIFIER = ai.sidebar.sidebar.sideBarWidgets;
				PRODUCT_NAME = "$(TARGET_NAME)";
				SDKROOT = iphoneos;
				SKIP_INSTALL = YES;
				STRING_CATALOG_GENERATE_SYMBOLS = YES;
				SWIFT_APPROACHABLE_CONCURRENCY = YES;
				SWIFT_EMIT_LOC_STRINGS = YES;
				SWIFT_UPCOMING_FEATURE_MEMBER_IMPORT_VISIBILITY = YES;
				SWIFT_VERSION = 5.0;
				TARGETED_DEVICE_FAMILY = "1,2";
			};
			name = Debug;
		};
		1448E6E12F27A6430066EE47 /* Release */ = {
			isa = XCBuildConfiguration;
			buildSettings = {
				APP_GROUP_ID = group.ai.sidebar.sidebar;
				ASSETCATALOG_COMPILER_GLOBAL_ACCENT_COLOR_NAME = AccentColor;
				ASSETCATALOG_COMPILER_WIDGET_BACKGROUND_COLOR_NAME = WidgetBackground;
				CODE_SIGN_ENTITLEMENTS = sideBarWidgetsExtension.entitlements;
				CODE_SIGN_STYLE = Automatic;
				CURRENT_PROJECT_VERSION = 1;
				GENERATE_INFOPLIST_FILE = YES;
				INFOPLIST_FILE = sideBarWidgets/Info.plist;
				INFOPLIST_KEY_CFBundleDisplayName = sideBarWidgets;
				INFOPLIST_KEY_NSHumanReadableCopyright = "";
				IPHONEOS_DEPLOYMENT_TARGET = 26.0;
				KEYCHAIN_ACCESS_GROUP = "$(AppIdentifierPrefix)ai.sidebar.sidebar";
				KEYCHAIN_SERVICE = ai.sidebar.sidebar;
				LD_RUNPATH_SEARCH_PATHS = (
					"$(inherited)",
					"@executable_path/Frameworks",
					"@executable_path/../../Frameworks",
				);
				MARKETING_VERSION = 0.1;
				PRODUCT_BUNDLE_IDENTIFIER = ai.sidebar.sidebar.sideBarWidgets;
				PRODUCT_NAME = "$(TARGET_NAME)";
				SDKROOT = iphoneos;
				SKIP_INSTALL = YES;
				STRING_CATALOG_GENERATE_SYMBOLS = YES;
				SWIFT_APPROACHABLE_CONCURRENCY = YES;
				SWIFT_EMIT_LOC_STRINGS = YES;
				SWIFT_UPCOMING_FEATURE_MEMBER_IMPORT_VISIBILITY = YES;
				SWIFT_VERSION = 5.0;
				TARGETED_DEVICE_FAMILY = "1,2";
				VALIDATE_PRODUCT = YES;
			};
			name = Release;
		};
		146EA0742F2FE83C004AE7D1 /* Debug */ = {
			isa = XCBuildConfiguration;
			buildSettings = {
				APP_GROUP_ID = group.ai.sidebar.sidebar;
				CODE_SIGN_ENTITLEMENTS = "sideBar Safari Extension/sideBar Safari Extension.entitlements";
				CODE_SIGN_IDENTITY = "Apple Development";
				CODE_SIGN_STYLE = Automatic;
				CURRENT_PROJECT_VERSION = 1;
				DEVELOPMENT_TEAM = A7FXNR4C35;
				GENERATE_INFOPLIST_FILE = YES;
				INFOPLIST_FILE = "sideBar Safari Extension/Info.plist";
				INFOPLIST_KEY_CFBundleDisplayName = sideBar;
				INFOPLIST_KEY_NSHumanReadableCopyright = "";
				IPHONEOS_DEPLOYMENT_TARGET = 26.0;
				LD_RUNPATH_SEARCH_PATHS = (
					"$(inherited)",
					"@executable_path/Frameworks",
					"@executable_path/../../Frameworks",
				);
				MARKETING_VERSION = 0.1;
				OTHER_LDFLAGS = (
					"-framework",
					SafariServices,
				);
				PRODUCT_BUNDLE_IDENTIFIER = "ai.sidebar.sidebar.sideBar-Safari-Extension";
				PRODUCT_NAME = "$(TARGET_NAME)";
				SDKROOT = iphoneos;
				SKIP_INSTALL = YES;
				STRING_CATALOG_GENERATE_SYMBOLS = YES;
				SWIFT_APPROACHABLE_CONCURRENCY = YES;
				SWIFT_EMIT_LOC_STRINGS = YES;
				SWIFT_UPCOMING_FEATURE_MEMBER_IMPORT_VISIBILITY = YES;
				SWIFT_VERSION = 5.0;
				TARGETED_DEVICE_FAMILY = "1,2";
			};
			name = Debug;
		};
		146EA0752F2FE83C004AE7D1 /* Release */ = {
			isa = XCBuildConfiguration;
			buildSettings = {
				APP_GROUP_ID = group.ai.sidebar.sidebar;
				CODE_SIGN_ENTITLEMENTS = "sideBar Safari Extension/sideBar Safari Extension.entitlements";
				CODE_SIGN_IDENTITY = "Apple Development";
				CODE_SIGN_STYLE = Automatic;
				CURRENT_PROJECT_VERSION = 1;
				DEVELOPMENT_TEAM = A7FXNR4C35;
				GENERATE_INFOPLIST_FILE = YES;
				INFOPLIST_FILE = "sideBar Safari Extension/Info.plist";
				INFOPLIST_KEY_CFBundleDisplayName = sideBar;
				INFOPLIST_KEY_NSHumanReadableCopyright = "";
				IPHONEOS_DEPLOYMENT_TARGET = 26.0;
				LD_RUNPATH_SEARCH_PATHS = (
					"$(inherited)",
					"@executable_path/Frameworks",
					"@executable_path/../../Frameworks",
				);
				MARKETING_VERSION = 0.1;
				OTHER_LDFLAGS = (
					"-framework",
					SafariServices,
				);
				PRODUCT_BUNDLE_IDENTIFIER = "ai.sidebar.sidebar.sideBar-Safari-Extension";
				PRODUCT_NAME = "$(TARGET_NAME)";
				SDKROOT = iphoneos;
				SKIP_INSTALL = YES;
				STRING_CATALOG_GENERATE_SYMBOLS = YES;
				SWIFT_APPROACHABLE_CONCURRENCY = YES;
				SWIFT_EMIT_LOC_STRINGS = YES;
				SWIFT_UPCOMING_FEATURE_MEMBER_IMPORT_VISIBILITY = YES;
				SWIFT_VERSION = 5.0;
				TARGETED_DEVICE_FAMILY = "1,2";
				VALIDATE_PRODUCT = YES;
			};
			name = Release;
		};
		146EA0B22F2FE878004AE7D1 /* Debug */ = {
			isa = XCBuildConfiguration;
			buildSettings = {
				APP_GROUP_ID = group.ai.sidebar.sidebar;
				CODE_SIGN_ENTITLEMENTS = "sideBar Safari Extension (macOS) Extension/sideBar Safari Extension (macOS) Extension.entitlements";
				CODE_SIGN_STYLE = Automatic;
				CURRENT_PROJECT_VERSION = 1;
				DEVELOPMENT_TEAM = A7FXNR4C35;
				GENERATE_INFOPLIST_FILE = YES;
				INFOPLIST_FILE = "sideBar Safari Extension (macOS) Extension/Info.plist";
				INFOPLIST_KEY_CFBundleDisplayName = sideBar;
				INFOPLIST_KEY_NSHumanReadableCopyright = "";
				IPHONEOS_DEPLOYMENT_TARGET = 26.0;
				LD_RUNPATH_SEARCH_PATHS = (
					"$(inherited)",
					"@executable_path/Frameworks",
					"@executable_path/../../Frameworks",
				);
				MARKETING_VERSION = 0.1;
				OTHER_LDFLAGS = (
					"-framework",
					SafariServices,
				);
				PRODUCT_BUNDLE_IDENTIFIER = "ai.sidebar.sidebar.sideBar-Safari-Extension--macOS-.Extension";
				PRODUCT_NAME = "$(TARGET_NAME)";
				SDKROOT = iphoneos;
				SKIP_INSTALL = YES;
				STRING_CATALOG_GENERATE_SYMBOLS = YES;
				SWIFT_APPROACHABLE_CONCURRENCY = YES;
				SWIFT_EMIT_LOC_STRINGS = YES;
				SWIFT_UPCOMING_FEATURE_MEMBER_IMPORT_VISIBILITY = YES;
				SWIFT_VERSION = 5.0;
				TARGETED_DEVICE_FAMILY = "1,2";
			};
			name = Debug;
		};
		146EA0B32F2FE878004AE7D1 /* Release */ = {
			isa = XCBuildConfiguration;
			buildSettings = {
				APP_GROUP_ID = group.ai.sidebar.sidebar;
				CODE_SIGN_ENTITLEMENTS = "sideBar Safari Extension (macOS) Extension/sideBar Safari Extension (macOS) Extension.entitlements";
				CODE_SIGN_STYLE = Automatic;
				CURRENT_PROJECT_VERSION = 1;
				DEVELOPMENT_TEAM = A7FXNR4C35;
				GENERATE_INFOPLIST_FILE = YES;
				INFOPLIST_FILE = "sideBar Safari Extension (macOS) Extension/Info.plist";
				INFOPLIST_KEY_CFBundleDisplayName = sideBar;
				INFOPLIST_KEY_NSHumanReadableCopyright = "";
				IPHONEOS_DEPLOYMENT_TARGET = 26.0;
				LD_RUNPATH_SEARCH_PATHS = (
					"$(inherited)",
					"@executable_path/Frameworks",
					"@executable_path/../../Frameworks",
				);
				MARKETING_VERSION = 0.1;
				OTHER_LDFLAGS = (
					"-framework",
					SafariServices,
				);
				PRODUCT_BUNDLE_IDENTIFIER = "ai.sidebar.sidebar.sideBar-Safari-Extension--macOS-.Extension";
				PRODUCT_NAME = "$(TARGET_NAME)";
				SDKROOT = iphoneos;
				SKIP_INSTALL = YES;
				STRING_CATALOG_GENERATE_SYMBOLS = YES;
				SWIFT_APPROACHABLE_CONCURRENCY = YES;
				SWIFT_EMIT_LOC_STRINGS = YES;
				SWIFT_UPCOMING_FEATURE_MEMBER_IMPORT_VISIBILITY = YES;
				SWIFT_VERSION = 5.0;
				TARGETED_DEVICE_FAMILY = "1,2";
				VALIDATE_PRODUCT = YES;
			};
			name = Release;
		};
		146EA0B72F2FE878004AE7D1 /* Debug */ = {
			isa = XCBuildConfiguration;
			buildSettings = {
				ASSETCATALOG_COMPILER_APPICON_NAME = AppIcon;
				ASSETCATALOG_COMPILER_GLOBAL_ACCENT_COLOR_NAME = AccentColor;
				CODE_SIGN_ENTITLEMENTS = "sideBar Safari Extension (macOS)/sideBar Safari Extension (macOS).entitlements";
				CODE_SIGN_STYLE = Automatic;
				CURRENT_PROJECT_VERSION = 1;
				DEVELOPMENT_TEAM = A7FXNR4C35;
				GENERATE_INFOPLIST_FILE = YES;
				INFOPLIST_FILE = "sideBar Safari Extension (macOS)/Info.plist";
				INFOPLIST_KEY_CFBundleDisplayName = sideBar;
				INFOPLIST_KEY_UIApplicationSupportsIndirectInputEvents = YES;
				INFOPLIST_KEY_UILaunchStoryboardName = LaunchScreen;
				INFOPLIST_KEY_UIMainStoryboardFile = Main;
				INFOPLIST_KEY_UISupportedInterfaceOrientations_iPad = "UIInterfaceOrientationPortrait UIInterfaceOrientationPortraitUpsideDown UIInterfaceOrientationLandscapeLeft UIInterfaceOrientationLandscapeRight";
				INFOPLIST_KEY_UISupportedInterfaceOrientations_iPhone = "UIInterfaceOrientationPortrait UIInterfaceOrientationLandscapeLeft UIInterfaceOrientationLandscapeRight";
				IPHONEOS_DEPLOYMENT_TARGET = 26.0;
				LD_RUNPATH_SEARCH_PATHS = (
					"$(inherited)",
					"@executable_path/Frameworks",
				);
				MARKETING_VERSION = 0.1;
				OTHER_LDFLAGS = (
					"-framework",
					SafariServices,
					"-framework",
					WebKit,
				);
				PRODUCT_BUNDLE_IDENTIFIER = "ai.sidebar.sidebar.sideBar-Safari-Extension--macOS-";
				PRODUCT_NAME = "$(TARGET_NAME)";
				SDKROOT = iphoneos;
				STRING_CATALOG_GENERATE_SYMBOLS = YES;
				SWIFT_APPROACHABLE_CONCURRENCY = YES;
				SWIFT_DEFAULT_ACTOR_ISOLATION = MainActor;
				SWIFT_EMIT_LOC_STRINGS = YES;
				SWIFT_UPCOMING_FEATURE_MEMBER_IMPORT_VISIBILITY = YES;
				SWIFT_VERSION = 5.0;
				TARGETED_DEVICE_FAMILY = "1,2";
			};
			name = Debug;
		};
		146EA0B82F2FE878004AE7D1 /* Release */ = {
			isa = XCBuildConfiguration;
			buildSettings = {
				ASSETCATALOG_COMPILER_APPICON_NAME = AppIcon;
				ASSETCATALOG_COMPILER_GLOBAL_ACCENT_COLOR_NAME = AccentColor;
				CODE_SIGN_ENTITLEMENTS = "sideBar Safari Extension (macOS)/sideBar Safari Extension (macOS).entitlements";
				CODE_SIGN_STYLE = Automatic;
				CURRENT_PROJECT_VERSION = 1;
				DEVELOPMENT_TEAM = A7FXNR4C35;
				GENERATE_INFOPLIST_FILE = YES;
				INFOPLIST_FILE = "sideBar Safari Extension (macOS)/Info.plist";
				INFOPLIST_KEY_CFBundleDisplayName = sideBar;
				INFOPLIST_KEY_UIApplicationSupportsIndirectInputEvents = YES;
				INFOPLIST_KEY_UILaunchStoryboardName = LaunchScreen;
				INFOPLIST_KEY_UIMainStoryboardFile = Main;
				INFOPLIST_KEY_UISupportedInterfaceOrientations_iPad = "UIInterfaceOrientationPortrait UIInterfaceOrientationPortraitUpsideDown UIInterfaceOrientationLandscapeLeft UIInterfaceOrientationLandscapeRight";
				INFOPLIST_KEY_UISupportedInterfaceOrientations_iPhone = "UIInterfaceOrientationPortrait UIInterfaceOrientationLandscapeLeft UIInterfaceOrientationLandscapeRight";
				IPHONEOS_DEPLOYMENT_TARGET = 26.0;
				LD_RUNPATH_SEARCH_PATHS = (
					"$(inherited)",
					"@executable_path/Frameworks",
				);
				MARKETING_VERSION = 0.1;
				OTHER_LDFLAGS = (
					"-framework",
					SafariServices,
					"-framework",
					WebKit,
				);
				PRODUCT_BUNDLE_IDENTIFIER = "ai.sidebar.sidebar.sideBar-Safari-Extension--macOS-";
				PRODUCT_NAME = "$(TARGET_NAME)";
				SDKROOT = iphoneos;
				STRING_CATALOG_GENERATE_SYMBOLS = YES;
				SWIFT_APPROACHABLE_CONCURRENCY = YES;
				SWIFT_DEFAULT_ACTOR_ISOLATION = MainActor;
				SWIFT_EMIT_LOC_STRINGS = YES;
				SWIFT_UPCOMING_FEATURE_MEMBER_IMPORT_VISIBILITY = YES;
				SWIFT_VERSION = 5.0;
				TARGETED_DEVICE_FAMILY = "1,2";
				VALIDATE_PRODUCT = YES;
			};
			name = Release;
		};
		14C84A672F10562500FE0C16 /* Debug */ = {
			isa = XCBuildConfiguration;
			baseConfigurationReference = 14DFA3372F115A0A001DAF5B /* Config/SideBar.xcconfig */;
			buildSettings = {
				ALWAYS_SEARCH_USER_PATHS = NO;
				ASSETCATALOG_COMPILER_GENERATE_SWIFT_ASSET_SYMBOL_EXTENSIONS = YES;
				CLANG_ANALYZER_NONNULL = YES;
				CLANG_ANALYZER_NUMBER_OBJECT_CONVERSION = YES_AGGRESSIVE;
				CLANG_CXX_LANGUAGE_STANDARD = "gnu++20";
				CLANG_ENABLE_MODULES = YES;
				CLANG_ENABLE_OBJC_ARC = YES;
				CLANG_ENABLE_OBJC_WEAK = YES;
				CLANG_WARN_BLOCK_CAPTURE_AUTORELEASING = YES;
				CLANG_WARN_BOOL_CONVERSION = YES;
				CLANG_WARN_COMMA = YES;
				CLANG_WARN_CONSTANT_CONVERSION = YES;
				CLANG_WARN_DEPRECATED_OBJC_IMPLEMENTATIONS = YES;
				CLANG_WARN_DIRECT_OBJC_ISA_USAGE = YES_ERROR;
				CLANG_WARN_DOCUMENTATION_COMMENTS = YES;
				CLANG_WARN_EMPTY_BODY = YES;
				CLANG_WARN_ENUM_CONVERSION = YES;
				CLANG_WARN_INFINITE_RECURSION = YES;
				CLANG_WARN_INT_CONVERSION = YES;
				CLANG_WARN_NON_LITERAL_NULL_CONVERSION = YES;
				CLANG_WARN_OBJC_IMPLICIT_RETAIN_SELF = YES;
				CLANG_WARN_OBJC_LITERAL_CONVERSION = YES;
				CLANG_WARN_OBJC_ROOT_CLASS = YES_ERROR;
				CLANG_WARN_QUOTED_INCLUDE_IN_FRAMEWORK_HEADER = YES;
				CLANG_WARN_RANGE_LOOP_ANALYSIS = YES;
				CLANG_WARN_STRICT_PROTOTYPES = YES;
				CLANG_WARN_SUSPICIOUS_MOVE = YES;
				CLANG_WARN_UNGUARDED_AVAILABILITY = YES_AGGRESSIVE;
				CLANG_WARN_UNREACHABLE_CODE = YES;
				CLANG_WARN__DUPLICATE_METHOD_MATCH = YES;
				COPY_PHASE_STRIP = NO;
				DEAD_CODE_STRIPPING = YES;
				DEBUG_INFORMATION_FORMAT = dwarf;
				DEVELOPMENT_TEAM = A7FXNR4C35;
				ENABLE_STRICT_OBJC_MSGSEND = YES;
				ENABLE_TESTABILITY = YES;
				ENABLE_USER_SCRIPT_SANDBOXING = YES;
				GCC_C_LANGUAGE_STANDARD = gnu17;
				GCC_DYNAMIC_NO_PIC = NO;
				GCC_NO_COMMON_BLOCKS = YES;
				GCC_OPTIMIZATION_LEVEL = 0;
				GCC_PREPROCESSOR_DEFINITIONS = (
					"DEBUG=1",
					"$(inherited)",
				);
				GCC_WARN_64_TO_32_BIT_CONVERSION = YES;
				GCC_WARN_ABOUT_RETURN_TYPE = YES_ERROR;
				GCC_WARN_UNDECLARED_SELECTOR = YES;
				GCC_WARN_UNINITIALIZED_AUTOS = YES_AGGRESSIVE;
				GCC_WARN_UNUSED_FUNCTION = YES;
				GCC_WARN_UNUSED_VARIABLE = YES;
				LOCALIZATION_PREFERS_STRING_CATALOGS = YES;
				MTL_ENABLE_DEBUG_INFO = INCLUDE_SOURCE;
				MTL_FAST_MATH = YES;
				ONLY_ACTIVE_ARCH = YES;
				STRING_CATALOG_GENERATE_SYMBOLS = YES;
				SWIFT_ACTIVE_COMPILATION_CONDITIONS = "DEBUG $(inherited)";
				SWIFT_OPTIMIZATION_LEVEL = "-Onone";
			};
			name = Debug;
		};
		14C84A682F10562500FE0C16 /* Release */ = {
			isa = XCBuildConfiguration;
			baseConfigurationReference = 14DFA3372F115A0A001DAF5B /* Config/SideBar.xcconfig */;
			buildSettings = {
				ALWAYS_SEARCH_USER_PATHS = NO;
				ASSETCATALOG_COMPILER_GENERATE_SWIFT_ASSET_SYMBOL_EXTENSIONS = YES;
				CLANG_ANALYZER_NONNULL = YES;
				CLANG_ANALYZER_NUMBER_OBJECT_CONVERSION = YES_AGGRESSIVE;
				CLANG_CXX_LANGUAGE_STANDARD = "gnu++20";
				CLANG_ENABLE_MODULES = YES;
				CLANG_ENABLE_OBJC_ARC = YES;
				CLANG_ENABLE_OBJC_WEAK = YES;
				CLANG_WARN_BLOCK_CAPTURE_AUTORELEASING = YES;
				CLANG_WARN_BOOL_CONVERSION = YES;
				CLANG_WARN_COMMA = YES;
				CLANG_WARN_CONSTANT_CONVERSION = YES;
				CLANG_WARN_DEPRECATED_OBJC_IMPLEMENTATIONS = YES;
				CLANG_WARN_DIRECT_OBJC_ISA_USAGE = YES_ERROR;
				CLANG_WARN_DOCUMENTATION_COMMENTS = YES;
				CLANG_WARN_EMPTY_BODY = YES;
				CLANG_WARN_ENUM_CONVERSION = YES;
				CLANG_WARN_INFINITE_RECURSION = YES;
				CLANG_WARN_INT_CONVERSION = YES;
				CLANG_WARN_NON_LITERAL_NULL_CONVERSION = YES;
				CLANG_WARN_OBJC_IMPLICIT_RETAIN_SELF = YES;
				CLANG_WARN_OBJC_LITERAL_CONVERSION = YES;
				CLANG_WARN_OBJC_ROOT_CLASS = YES_ERROR;
				CLANG_WARN_QUOTED_INCLUDE_IN_FRAMEWORK_HEADER = YES;
				CLANG_WARN_RANGE_LOOP_ANALYSIS = YES;
				CLANG_WARN_STRICT_PROTOTYPES = YES;
				CLANG_WARN_SUSPICIOUS_MOVE = YES;
				CLANG_WARN_UNGUARDED_AVAILABILITY = YES_AGGRESSIVE;
				CLANG_WARN_UNREACHABLE_CODE = YES;
				CLANG_WARN__DUPLICATE_METHOD_MATCH = YES;
				COPY_PHASE_STRIP = NO;
				DEAD_CODE_STRIPPING = YES;
				DEBUG_INFORMATION_FORMAT = "dwarf-with-dsym";
				DEVELOPMENT_TEAM = A7FXNR4C35;
				ENABLE_NS_ASSERTIONS = NO;
				ENABLE_STRICT_OBJC_MSGSEND = YES;
				ENABLE_USER_SCRIPT_SANDBOXING = YES;
				GCC_C_LANGUAGE_STANDARD = gnu17;
				GCC_NO_COMMON_BLOCKS = YES;
				GCC_WARN_64_TO_32_BIT_CONVERSION = YES;
				GCC_WARN_ABOUT_RETURN_TYPE = YES_ERROR;
				GCC_WARN_UNDECLARED_SELECTOR = YES;
				GCC_WARN_UNINITIALIZED_AUTOS = YES_AGGRESSIVE;
				GCC_WARN_UNUSED_FUNCTION = YES;
				GCC_WARN_UNUSED_VARIABLE = YES;
				LOCALIZATION_PREFERS_STRING_CATALOGS = YES;
				MTL_ENABLE_DEBUG_INFO = NO;
				MTL_FAST_MATH = YES;
				STRING_CATALOG_GENERATE_SYMBOLS = YES;
				SWIFT_COMPILATION_MODE = wholemodule;
			};
			name = Release;
		};
		14C84A6A2F10562500FE0C16 /* Debug */ = {
			isa = XCBuildConfiguration;
			baseConfigurationReference = 1478191A2F15B19C00F36081 /* SideBar.local.xcconfig */;
			buildSettings = {
				"APS_ENVIRONMENT[sdk=iphoneos*]" = development;
				"APS_ENVIRONMENT[sdk=macosx*]" = development;
				ASSETCATALOG_COMPILER_APPICON_NAME = AppIcon;
				ASSETCATALOG_COMPILER_GLOBAL_ACCENT_COLOR_NAME = AccentColor;
				ASSETCATALOG_COMPILER_INCLUDE_ALL_APPICON_ASSETS = YES;
				CODE_SIGN_ENTITLEMENTS = sideBar/sideBar.entitlements;
				"CODE_SIGN_ENTITLEMENTS[sdk=macosx*]" = sideBar/sideBar.entitlements;
				CODE_SIGN_IDENTITY = "Apple Development";
				CODE_SIGN_STYLE = Automatic;
				CURRENT_PROJECT_VERSION = 1;
				DEAD_CODE_STRIPPING = YES;
				DEVELOPMENT_TEAM = A7FXNR4C35;
				ENABLE_APP_SANDBOX = YES;
				ENABLE_HARDENED_RUNTIME = YES;
				ENABLE_INCOMING_NETWORK_CONNECTIONS = NO;
				ENABLE_OUTGOING_NETWORK_CONNECTIONS = YES;
				ENABLE_PREVIEWS = YES;
				ENABLE_RESOURCE_ACCESS_AUDIO_INPUT = NO;
				ENABLE_RESOURCE_ACCESS_BLUETOOTH = NO;
				ENABLE_RESOURCE_ACCESS_CALENDARS = NO;
				ENABLE_RESOURCE_ACCESS_CAMERA = NO;
				ENABLE_RESOURCE_ACCESS_CONTACTS = NO;
				ENABLE_RESOURCE_ACCESS_LOCATION = YES;
				ENABLE_RESOURCE_ACCESS_PRINTING = NO;
				ENABLE_RESOURCE_ACCESS_USB = NO;
				ENABLE_USER_SELECTED_FILES = readonly;
				"EXCLUDED_SOURCE_FILE_NAMES[sdk=macosx*]" = SideBarLaunchScreen.storyboard;
				GENERATE_INFOPLIST_FILE = YES;
				INFOPLIST_KEY_API_BASE_URL = "$(API_BASE_URL)";
				INFOPLIST_KEY_CFBundleDisplayName = sideBar;
				INFOPLIST_KEY_CFBundleURLTypes = "{\n    CFBundleTypeRole = Editor;\n    CFBundleURLName = \"ai.sidebar.sidebar\";\n    CFBundleURLSchemes =     (\n        sidebar\n    );\n}";
				INFOPLIST_KEY_ITSAppUsesNonExemptEncryption = NO;
				INFOPLIST_KEY_LSApplicationCategoryType = "public.app-category.productivity";
				INFOPLIST_KEY_NSFaceIDUsageDescription = "We use Face ID to securely unlock sideBar and protect your data.";
				INFOPLIST_KEY_NSPhotoLibraryUsageDescription = "Choose a profile photo for your sideBar account.";
				INFOPLIST_KEY_BGTaskSchedulerPermittedIdentifiers = "ai.sidebar.sidebar.tokenrefresh ai.sidebar.sidebar.widgetrefresh";
				INFOPLIST_KEY_SUPABASE_ANON_KEY = "$(SUPABASE_ANON_KEY)";
				INFOPLIST_KEY_SUPABASE_URL = "$(SUPABASE_URL)";
				"INFOPLIST_KEY_UIApplicationSceneManifest_Generation[sdk=iphoneos*]" = YES;
				"INFOPLIST_KEY_UIApplicationSceneManifest_Generation[sdk=iphonesimulator*]" = YES;
				"INFOPLIST_KEY_UIApplicationSupportsIndirectInputEvents[sdk=iphoneos*]" = YES;
				"INFOPLIST_KEY_UIApplicationSupportsIndirectInputEvents[sdk=iphonesimulator*]" = YES;
				"INFOPLIST_KEY_UIBackgroundModes[sdk=iphoneos*]" = "remote-notification";
				"INFOPLIST_KEY_UIBackgroundModes[sdk=iphonesimulator*]" = "remote-notification";
				"INFOPLIST_KEY_UILaunchScreen_Generation[sdk=iphoneos*]" = NO;
				"INFOPLIST_KEY_UILaunchScreen_Generation[sdk=iphonesimulator*]" = NO;
				"INFOPLIST_KEY_UILaunchStoryboardName[sdk=iphoneos*]" = SideBarLaunchScreen;
				"INFOPLIST_KEY_UILaunchStoryboardName[sdk=iphonesimulator*]" = SideBarLaunchScreen;
				"INFOPLIST_KEY_UIStatusBarStyle[sdk=iphoneos*]" = UIStatusBarStyleDefault;
				"INFOPLIST_KEY_UIStatusBarStyle[sdk=iphonesimulator*]" = UIStatusBarStyleDefault;
				INFOPLIST_KEY_UISupportedInterfaceOrientations_iPad = "UIInterfaceOrientationPortrait UIInterfaceOrientationPortraitUpsideDown UIInterfaceOrientationLandscapeLeft UIInterfaceOrientationLandscapeRight";
				INFOPLIST_KEY_UISupportedInterfaceOrientations_iPhone = "UIInterfaceOrientationPortrait UIInterfaceOrientationLandscapeLeft UIInterfaceOrientationLandscapeRight";
				IPHONEOS_DEPLOYMENT_TARGET = 26.0;
				LD_RUNPATH_SEARCH_PATHS = "@executable_path/Frameworks";
				"LD_RUNPATH_SEARCH_PATHS[sdk=macosx*]" = "@executable_path/../Frameworks";
				MACOSX_DEPLOYMENT_TARGET = 26.0;
				MARKETING_VERSION = 0.1;
				PRODUCT_BUNDLE_IDENTIFIER = ai.sidebar.sidebar;
				PRODUCT_NAME = "$(TARGET_NAME)";
				PROVISIONING_PROFILE_SPECIFIER = "";
				REGISTER_APP_GROUPS = YES;
				SDKROOT = auto;
				STRING_CATALOG_GENERATE_SYMBOLS = YES;
				SUPPORTED_PLATFORMS = "iphoneos iphonesimulator macosx";
				SUPPORTS_MACCATALYST = NO;
				SWIFT_APPROACHABLE_CONCURRENCY = YES;
				SWIFT_DEFAULT_ACTOR_ISOLATION = MainActor;
				SWIFT_EMIT_LOC_STRINGS = YES;
				SWIFT_UPCOMING_FEATURE_MEMBER_IMPORT_VISIBILITY = YES;
				SWIFT_VERSION = 5.0;
				TARGETED_DEVICE_FAMILY = "1,2";
				XROS_DEPLOYMENT_TARGET = 26.2;
			};
			name = Debug;
		};
		14C84A6B2F10562500FE0C16 /* Release */ = {
			isa = XCBuildConfiguration;
			baseConfigurationReference = 1478191A2F15B19C00F36081 /* SideBar.local.xcconfig */;
			buildSettings = {
				"APS_ENVIRONMENT[sdk=iphoneos*]" = production;
				"APS_ENVIRONMENT[sdk=macosx*]" = production;
				ASSETCATALOG_COMPILER_APPICON_NAME = AppIcon;
				ASSETCATALOG_COMPILER_GLOBAL_ACCENT_COLOR_NAME = AccentColor;
				ASSETCATALOG_COMPILER_INCLUDE_ALL_APPICON_ASSETS = YES;
				CODE_SIGN_ENTITLEMENTS = sideBar/sideBar.entitlements;
				"CODE_SIGN_ENTITLEMENTS[sdk=macosx*]" = sideBar/sideBar.entitlements;
				CODE_SIGN_IDENTITY = "Apple Development";
				CODE_SIGN_STYLE = Automatic;
				CURRENT_PROJECT_VERSION = 1;
				DEAD_CODE_STRIPPING = YES;
				DEVELOPMENT_TEAM = A7FXNR4C35;
				ENABLE_APP_SANDBOX = YES;
				ENABLE_HARDENED_RUNTIME = YES;
				ENABLE_INCOMING_NETWORK_CONNECTIONS = NO;
				ENABLE_OUTGOING_NETWORK_CONNECTIONS = YES;
				ENABLE_PREVIEWS = YES;
				ENABLE_RESOURCE_ACCESS_AUDIO_INPUT = NO;
				ENABLE_RESOURCE_ACCESS_BLUETOOTH = NO;
				ENABLE_RESOURCE_ACCESS_CALENDARS = NO;
				ENABLE_RESOURCE_ACCESS_CAMERA = NO;
				ENABLE_RESOURCE_ACCESS_CONTACTS = NO;
				ENABLE_RESOURCE_ACCESS_LOCATION = YES;
				ENABLE_RESOURCE_ACCESS_PRINTING = NO;
				ENABLE_RESOURCE_ACCESS_USB = NO;
				ENABLE_USER_SELECTED_FILES = readonly;
				"EXCLUDED_SOURCE_FILE_NAMES[sdk=macosx*]" = SideBarLaunchScreen.storyboard;
				GENERATE_INFOPLIST_FILE = YES;
				INFOPLIST_KEY_API_BASE_URL = "$(API_BASE_URL)";
				INFOPLIST_KEY_CFBundleDisplayName = sideBar;
				INFOPLIST_KEY_CFBundleURLTypes = "{\n    CFBundleTypeRole = Editor;\n    CFBundleURLName = \"ai.sidebar.sidebar\";\n    CFBundleURLSchemes =     (\n        sidebar\n    );\n}";
				INFOPLIST_KEY_ITSAppUsesNonExemptEncryption = NO;
				INFOPLIST_KEY_LSApplicationCategoryType = "public.app-category.productivity";
				INFOPLIST_KEY_NSFaceIDUsageDescription = "We use Face ID to securely unlock sideBar and protect your data.";
				INFOPLIST_KEY_NSPhotoLibraryUsageDescription = "Choose a profile photo for your sideBar account.";
				INFOPLIST_KEY_BGTaskSchedulerPermittedIdentifiers = "ai.sidebar.sidebar.tokenrefresh ai.sidebar.sidebar.widgetrefresh";
				INFOPLIST_KEY_SUPABASE_ANON_KEY = "$(SUPABASE_ANON_KEY)";
				INFOPLIST_KEY_SUPABASE_URL = "$(SUPABASE_URL)";
				"INFOPLIST_KEY_UIApplicationSceneManifest_Generation[sdk=iphoneos*]" = YES;
				"INFOPLIST_KEY_UIApplicationSceneManifest_Generation[sdk=iphonesimulator*]" = YES;
				"INFOPLIST_KEY_UIApplicationSupportsIndirectInputEvents[sdk=iphoneos*]" = YES;
				"INFOPLIST_KEY_UIApplicationSupportsIndirectInputEvents[sdk=iphonesimulator*]" = YES;
				"INFOPLIST_KEY_UIBackgroundModes[sdk=iphoneos*]" = "remote-notification";
				"INFOPLIST_KEY_UIBackgroundModes[sdk=iphonesimulator*]" = "remote-notification";
				"INFOPLIST_KEY_UILaunchScreen_Generation[sdk=iphoneos*]" = NO;
				"INFOPLIST_KEY_UILaunchScreen_Generation[sdk=iphonesimulator*]" = NO;
				"INFOPLIST_KEY_UILaunchStoryboardName[sdk=iphoneos*]" = SideBarLaunchScreen;
				"INFOPLIST_KEY_UILaunchStoryboardName[sdk=iphonesimulator*]" = SideBarLaunchScreen;
				"INFOPLIST_KEY_UIStatusBarStyle[sdk=iphoneos*]" = UIStatusBarStyleDefault;
				"INFOPLIST_KEY_UIStatusBarStyle[sdk=iphonesimulator*]" = UIStatusBarStyleDefault;
				INFOPLIST_KEY_UISupportedInterfaceOrientations_iPad = "UIInterfaceOrientationPortrait UIInterfaceOrientationPortraitUpsideDown UIInterfaceOrientationLandscapeLeft UIInterfaceOrientationLandscapeRight";
				INFOPLIST_KEY_UISupportedInterfaceOrientations_iPhone = "UIInterfaceOrientationPortrait UIInterfaceOrientationLandscapeLeft UIInterfaceOrientationLandscapeRight";
				IPHONEOS_DEPLOYMENT_TARGET = 26.0;
				LD_RUNPATH_SEARCH_PATHS = "@executable_path/Frameworks";
				"LD_RUNPATH_SEARCH_PATHS[sdk=macosx*]" = "@executable_path/../Frameworks";
				MACOSX_DEPLOYMENT_TARGET = 26.0;
				MARKETING_VERSION = 0.1;
				PRODUCT_BUNDLE_IDENTIFIER = ai.sidebar.sidebar;
				PRODUCT_NAME = "$(TARGET_NAME)";
				PROVISIONING_PROFILE_SPECIFIER = "";
				REGISTER_APP_GROUPS = YES;
				SDKROOT = auto;
				STRING_CATALOG_GENERATE_SYMBOLS = YES;
				SUPPORTED_PLATFORMS = "iphoneos iphonesimulator macosx";
				SUPPORTS_MACCATALYST = NO;
				SWIFT_APPROACHABLE_CONCURRENCY = YES;
				SWIFT_DEFAULT_ACTOR_ISOLATION = MainActor;
				SWIFT_EMIT_LOC_STRINGS = YES;
				SWIFT_UPCOMING_FEATURE_MEMBER_IMPORT_VISIBILITY = YES;
				SWIFT_VERSION = 5.0;
				TARGETED_DEVICE_FAMILY = "1,2";
				XROS_DEPLOYMENT_TARGET = 26.2;
			};
			name = Release;
		};
		14C84A6D2F10562500FE0C16 /* Debug */ = {
			isa = XCBuildConfiguration;
			buildSettings = {
				BUNDLE_LOADER = "$(TEST_HOST)";
				CODE_SIGN_STYLE = Automatic;
				CURRENT_PROJECT_VERSION = 1;
				DEAD_CODE_STRIPPING = YES;
				GENERATE_INFOPLIST_FILE = YES;
				IPHONEOS_DEPLOYMENT_TARGET = 26.0;
				MACOSX_DEPLOYMENT_TARGET = 26.0;
				MARKETING_VERSION = 0.1;
				PRODUCT_BUNDLE_IDENTIFIER = seanbetts.sideBarTests;
				PRODUCT_NAME = "$(TARGET_NAME)";
				SDKROOT = auto;
				STRING_CATALOG_GENERATE_SYMBOLS = NO;
				SUPPORTED_PLATFORMS = "iphoneos iphonesimulator macosx xros xrsimulator";
				SWIFT_APPROACHABLE_CONCURRENCY = YES;
				SWIFT_EMIT_LOC_STRINGS = NO;
				SWIFT_UPCOMING_FEATURE_MEMBER_IMPORT_VISIBILITY = YES;
				SWIFT_VERSION = 5.0;
				TARGETED_DEVICE_FAMILY = "1,2,7";
				TEST_HOST = "$(BUILT_PRODUCTS_DIR)/sideBar.app/$(BUNDLE_EXECUTABLE_FOLDER_PATH)/sideBar";
				XROS_DEPLOYMENT_TARGET = 26.0;
			};
			name = Debug;
		};
		14C84A6E2F10562500FE0C16 /* Release */ = {
			isa = XCBuildConfiguration;
			buildSettings = {
				BUNDLE_LOADER = "$(TEST_HOST)";
				CODE_SIGN_STYLE = Automatic;
				CURRENT_PROJECT_VERSION = 1;
				DEAD_CODE_STRIPPING = YES;
				GENERATE_INFOPLIST_FILE = YES;
				IPHONEOS_DEPLOYMENT_TARGET = 26.0;
				MACOSX_DEPLOYMENT_TARGET = 26.0;
				MARKETING_VERSION = 0.1;
				PRODUCT_BUNDLE_IDENTIFIER = seanbetts.sideBarTests;
				PRODUCT_NAME = "$(TARGET_NAME)";
				SDKROOT = auto;
				STRING_CATALOG_GENERATE_SYMBOLS = NO;
				SUPPORTED_PLATFORMS = "iphoneos iphonesimulator macosx xros xrsimulator";
				SWIFT_APPROACHABLE_CONCURRENCY = YES;
				SWIFT_EMIT_LOC_STRINGS = NO;
				SWIFT_UPCOMING_FEATURE_MEMBER_IMPORT_VISIBILITY = YES;
				SWIFT_VERSION = 5.0;
				TARGETED_DEVICE_FAMILY = "1,2,7";
				TEST_HOST = "$(BUILT_PRODUCTS_DIR)/sideBar.app/$(BUNDLE_EXECUTABLE_FOLDER_PATH)/sideBar";
				XROS_DEPLOYMENT_TARGET = 26.0;
			};
			name = Release;
		};
		14C84A702F10562500FE0C16 /* Debug */ = {
			isa = XCBuildConfiguration;
			buildSettings = {
				CODE_SIGN_STYLE = Automatic;
				CURRENT_PROJECT_VERSION = 1;
				DEAD_CODE_STRIPPING = YES;
				GENERATE_INFOPLIST_FILE = YES;
				IPHONEOS_DEPLOYMENT_TARGET = 26.0;
				MACOSX_DEPLOYMENT_TARGET = 26.0;
				MARKETING_VERSION = 0.1;
				PRODUCT_BUNDLE_IDENTIFIER = seanbetts.sideBarUITests;
				PRODUCT_NAME = "$(TARGET_NAME)";
				SDKROOT = auto;
				STRING_CATALOG_GENERATE_SYMBOLS = NO;
				SUPPORTED_PLATFORMS = "iphoneos iphonesimulator macosx xros xrsimulator";
				SWIFT_APPROACHABLE_CONCURRENCY = YES;
				SWIFT_EMIT_LOC_STRINGS = NO;
				SWIFT_UPCOMING_FEATURE_MEMBER_IMPORT_VISIBILITY = YES;
				SWIFT_VERSION = 5.0;
				TARGETED_DEVICE_FAMILY = "1,2,7";
				TEST_TARGET_NAME = sideBar;
				XROS_DEPLOYMENT_TARGET = 26.0;
			};
			name = Debug;
		};
		14C84A712F10562500FE0C16 /* Release */ = {
			isa = XCBuildConfiguration;
			buildSettings = {
				CODE_SIGN_STYLE = Automatic;
				CURRENT_PROJECT_VERSION = 1;
				DEAD_CODE_STRIPPING = YES;
				GENERATE_INFOPLIST_FILE = YES;
				IPHONEOS_DEPLOYMENT_TARGET = 26.0;
				MACOSX_DEPLOYMENT_TARGET = 26.0;
				MARKETING_VERSION = 0.1;
				PRODUCT_BUNDLE_IDENTIFIER = seanbetts.sideBarUITests;
				PRODUCT_NAME = "$(TARGET_NAME)";
				SDKROOT = auto;
				STRING_CATALOG_GENERATE_SYMBOLS = NO;
				SUPPORTED_PLATFORMS = "iphoneos iphonesimulator macosx xros xrsimulator";
				SWIFT_APPROACHABLE_CONCURRENCY = YES;
				SWIFT_EMIT_LOC_STRINGS = NO;
				SWIFT_UPCOMING_FEATURE_MEMBER_IMPORT_VISIBILITY = YES;
				SWIFT_VERSION = 5.0;
				TARGETED_DEVICE_FAMILY = "1,2,7";
				TEST_TARGET_NAME = sideBar;
				XROS_DEPLOYMENT_TARGET = 26.0;
			};
			name = Release;
		};
/* End XCBuildConfiguration section */

/* Begin XCConfigurationList section */
		1413DE502F2B514C002495EE /* Build configuration list for PBXNativeTarget "sideBarShared" */ = {
			isa = XCConfigurationList;
			buildConfigurations = (
				1413DE512F2B514C002495EE /* Debug */,
				1413DE522F2B514C002495EE /* Release */,
			);
			defaultConfigurationIsVisible = 0;
			defaultConfigurationName = Release;
		};
		142516B92F1EB96B0072E4F9 /* Build configuration list for PBXNativeTarget "ShareExtension" */ = {
			isa = XCConfigurationList;
			buildConfigurations = (
				142516BA2F1EB96B0072E4F9 /* Debug */,
				142516BB2F1EB96B0072E4F9 /* Release */,
			);
			defaultConfigurationIsVisible = 0;
			defaultConfigurationName = Release;
		};
		1448E6DF2F27A6430066EE47 /* Build configuration list for PBXNativeTarget "sideBarWidgetsExtension" */ = {
			isa = XCConfigurationList;
			buildConfigurations = (
				1448E6E02F27A6430066EE47 /* Debug */,
				1448E6E12F27A6430066EE47 /* Release */,
			);
			defaultConfigurationIsVisible = 0;
			defaultConfigurationName = Release;
		};
		146EA0732F2FE83C004AE7D1 /* Build configuration list for PBXNativeTarget "sideBar Safari Extension" */ = {
			isa = XCConfigurationList;
			buildConfigurations = (
				146EA0742F2FE83C004AE7D1 /* Debug */,
				146EA0752F2FE83C004AE7D1 /* Release */,
			);
			defaultConfigurationIsVisible = 0;
			defaultConfigurationName = Release;
		};
		146EA0B12F2FE878004AE7D1 /* Build configuration list for PBXNativeTarget "sideBar Safari Extension (macOS) Extension" */ = {
			isa = XCConfigurationList;
			buildConfigurations = (
				146EA0B22F2FE878004AE7D1 /* Debug */,
				146EA0B32F2FE878004AE7D1 /* Release */,
			);
			defaultConfigurationIsVisible = 0;
			defaultConfigurationName = Release;
		};
		146EA0B62F2FE878004AE7D1 /* Build configuration list for PBXNativeTarget "sideBar Safari Extension (macOS)" */ = {
			isa = XCConfigurationList;
			buildConfigurations = (
				146EA0B72F2FE878004AE7D1 /* Debug */,
				146EA0B82F2FE878004AE7D1 /* Release */,
			);
			defaultConfigurationIsVisible = 0;
			defaultConfigurationName = Release;
		};
		14C84A432F10562300FE0C16 /* Build configuration list for PBXProject "sideBar" */ = {
			isa = XCConfigurationList;
			buildConfigurations = (
				14C84A672F10562500FE0C16 /* Debug */,
				14C84A682F10562500FE0C16 /* Release */,
			);
			defaultConfigurationIsVisible = 0;
			defaultConfigurationName = Release;
		};
		14C84A692F10562500FE0C16 /* Build configuration list for PBXNativeTarget "sideBar" */ = {
			isa = XCConfigurationList;
			buildConfigurations = (
				14C84A6A2F10562500FE0C16 /* Debug */,
				14C84A6B2F10562500FE0C16 /* Release */,
			);
			defaultConfigurationIsVisible = 0;
			defaultConfigurationName = Release;
		};
		14C84A6C2F10562500FE0C16 /* Build configuration list for PBXNativeTarget "sideBarTests" */ = {
			isa = XCConfigurationList;
			buildConfigurations = (
				14C84A6D2F10562500FE0C16 /* Debug */,
				14C84A6E2F10562500FE0C16 /* Release */,
			);
			defaultConfigurationIsVisible = 0;
			defaultConfigurationName = Release;
		};
		14C84A6F2F10562500FE0C16 /* Build configuration list for PBXNativeTarget "sideBarUITests" */ = {
			isa = XCConfigurationList;
			buildConfigurations = (
				14C84A702F10562500FE0C16 /* Debug */,
				14C84A712F10562500FE0C16 /* Release */,
			);
			defaultConfigurationIsVisible = 0;
			defaultConfigurationName = Release;
		};
/* End XCConfigurationList section */

/* Begin XCRemoteSwiftPackageReference section */
		14DFA32C2F110406001DAF5B /* XCRemoteSwiftPackageReference "supabase-swift" */ = {
			isa = XCRemoteSwiftPackageReference;
			repositoryURL = "https://github.com/supabase/supabase-swift";
			requirement = {
				kind = upToNextMajorVersion;
				minimumVersion = 2.5.1;
			};
		};
		14F1A0A02F21000000BEEF02 /* XCRemoteSwiftPackageReference "MarkdownUI" */ = {
			isa = XCRemoteSwiftPackageReference;
			repositoryURL = "https://github.com/gonzalezreal/MarkdownUI";
			requirement = {
				kind = upToNextMajorVersion;
				minimumVersion = 2.4.1;
			};
		};
		14F1A0BA2F31000000BEEF03 /* XCRemoteSwiftPackageReference "swift-markdown" */ = {
			isa = XCRemoteSwiftPackageReference;
			repositoryURL = "https://github.com/apple/swift-markdown";
			requirement = {
				kind = upToNextMajorVersion;
				minimumVersion = 0.5.0;
			};
		};
/* End XCRemoteSwiftPackageReference section */

/* Begin XCSwiftPackageProductDependency section */
		14DFA32D2F110406001DAF5B /* Auth */ = {
			isa = XCSwiftPackageProductDependency;
			package = 14DFA32C2F110406001DAF5B /* XCRemoteSwiftPackageReference "supabase-swift" */;
			productName = Auth;
		};
		14DFA32F2F110406001DAF5B /* Functions */ = {
			isa = XCSwiftPackageProductDependency;
			package = 14DFA32C2F110406001DAF5B /* XCRemoteSwiftPackageReference "supabase-swift" */;
			productName = Functions;
		};
		14DFA3312F110406001DAF5B /* PostgREST */ = {
			isa = XCSwiftPackageProductDependency;
			package = 14DFA32C2F110406001DAF5B /* XCRemoteSwiftPackageReference "supabase-swift" */;
			productName = PostgREST;
		};
		14DFA3332F110406001DAF5B /* Realtime */ = {
			isa = XCSwiftPackageProductDependency;
			package = 14DFA32C2F110406001DAF5B /* XCRemoteSwiftPackageReference "supabase-swift" */;
			productName = Realtime;
		};
		14DFA3352F110406001DAF5B /* Storage */ = {
			isa = XCSwiftPackageProductDependency;
			package = 14DFA32C2F110406001DAF5B /* XCRemoteSwiftPackageReference "supabase-swift" */;
			productName = Storage;
		};
		14DFA3382F116F2C001DAF5B /* Supabase */ = {
			isa = XCSwiftPackageProductDependency;
			package = 14DFA32C2F110406001DAF5B /* XCRemoteSwiftPackageReference "supabase-swift" */;
			productName = Supabase;
		};
		14F1A0A12F21000000BEEF02 /* MarkdownUI */ = {
			isa = XCSwiftPackageProductDependency;
			package = 14F1A0A02F21000000BEEF02 /* XCRemoteSwiftPackageReference "MarkdownUI" */;
			productName = MarkdownUI;
		};
		14F1A0B92F31000000BEEF03 /* Markdown */ = {
			isa = XCSwiftPackageProductDependency;
			package = 14F1A0BA2F31000000BEEF03 /* XCRemoteSwiftPackageReference "swift-markdown" */;
			productName = Markdown;
		};
/* End XCSwiftPackageProductDependency section */

/* Begin XCVersionGroup section */
		14DFA3262F10F45E001DAF5B /* SideBarCache.xcdatamodeld */ = {
			isa = XCVersionGroup;
			children = (
				14DFA3272F10F45E001DAF5B /* SideBarCache.xcdatamodel */,
			);
			currentVersion = 14DFA3272F10F45E001DAF5B /* SideBarCache.xcdatamodel */;
			path = SideBarCache.xcdatamodeld;
			sourceTree = "<group>";
			versionGroupType = wrapper.xcdatamodel;
		};
/* End XCVersionGroup section */
	};
	rootObject = 14C84A402F10562300FE0C16 /* Project object */;
}
